PODS:
  - AnalyticsConnector (1.0.3)
  - OCMock (3.8.1)

DEPENDENCIES:
  - AnalyticsConnector (~> 1.0.0)
  - OCMock (~> 3.8.1)

SPEC REPOS:
  trunk:
    - AnalyticsConnector
    - OCMock

SPEC CHECKSUMS:
  AnalyticsConnector: a53214d38ae22734c6266106c0492b37832633a9
  OCMock: 29f6e52085b4e7d9b075cbf03ed7c3112f82f934

PODFILE CHECKSUM: d4e644c2397935bf361f832cce6007c2f17cb2ed

COCOAPODS: 1.16.2
