// !$*UTF8*$!
{
	archiveVersion = 1;
	classes = {
	};
	objectVersion = 46;
	objects = {

/* Begin PBXBuildFile section */
		343AB41A1CC99F4F00962943 /* AmplitudeFramework.h in Headers */ = {isa = PBXBuildFile; fileRef = 343AB4191CC99F4F00962943 /* AmplitudeFramework.h */; settings = {ATTRIBUTES = (Public, ); }; };
		343AB41F1CC99FB500962943 /* AMPConstants.m in Sources */ = {isa = PBXBuildFile; fileRef = 9DC708591AD4B28300949778 /* AMPConstants.m */; };
		343AB4201CC99FB800962943 /* AMPDatabaseHelper.m in Sources */ = {isa = PBXBuildFile; fileRef = 60BA92721C2376680043178E /* AMPDatabaseHelper.m */; };
		343AB4211CC99FBA00962943 /* AMPDeviceInfo.m in Sources */ = {isa = PBXBuildFile; fileRef = E96785E41A48E93F00887CCD /* AMPDeviceInfo.m */; };
		343AB4221CC99FBD00962943 /* AMPIdentify.m in Sources */ = {isa = PBXBuildFile; fileRef = 60BA92741C2376680043178E /* AMPIdentify.m */; };
		343AB4231CC99FBF00962943 /* Amplitude.m in Sources */ = {isa = PBXBuildFile; fileRef = E96785E71A48E93F00887CCD /* Amplitude.m */; };
		343AB4241CC99FC200962943 /* AMPLocationManagerDelegate.m in Sources */ = {isa = PBXBuildFile; fileRef = E96785E91A48E93F00887CCD /* AMPLocationManagerDelegate.m */; };
		343AB4251CC99FC500962943 /* AMPRevenue.m in Sources */ = {isa = PBXBuildFile; fileRef = 60227C0A1CC5AB8A007C117B /* AMPRevenue.m */; };
		343AB4261CC99FC700962943 /* AMPURLConnection.m in Sources */ = {isa = PBXBuildFile; fileRef = 9D40E17A1AB3BF7F0095C7C6 /* AMPURLConnection.m */; };
		343AB4271CC99FC900962943 /* AMPUtils.m in Sources */ = {isa = PBXBuildFile; fileRef = 60BA92761C2376680043178E /* AMPUtils.m */; };
		343AB4281CC99FD500962943 /* ISPCertificatePinning.m in Sources */ = {isa = PBXBuildFile; fileRef = 9D6E194D1ACCDE1C00352C6C /* ISPCertificatePinning.m */; };
		343AB4291CC99FD800962943 /* ISPPinnedNSURLConnectionDelegate.m in Sources */ = {isa = PBXBuildFile; fileRef = 9D6E194F1ACCDE1C00352C6C /* ISPPinnedNSURLConnectionDelegate.m */; };
		343AB42A1CC99FDA00962943 /* ISPPinnedNSURLSessionDelegate.m in Sources */ = {isa = PBXBuildFile; fileRef = 9D6E19511ACCDE1C00352C6C /* ISPPinnedNSURLSessionDelegate.m */; };
		343AB42D1CC9A1EA00962943 /* AMPARCMacros.h in Headers */ = {isa = PBXBuildFile; fileRef = E96785E11A48E93F00887CCD /* AMPARCMacros.h */; settings = {ATTRIBUTES = (Public, ); }; };
		343AB42E1CC9A1EA00962943 /* AMPConstants.h in Headers */ = {isa = PBXBuildFile; fileRef = E96785E21A48E93F00887CCD /* AMPConstants.h */; settings = {ATTRIBUTES = (Public, ); }; };
		343AB42F1CC9A1EA00962943 /* AMPDatabaseHelper.h in Headers */ = {isa = PBXBuildFile; fileRef = 60BA92711C2376680043178E /* AMPDatabaseHelper.h */; settings = {ATTRIBUTES = (Public, ); }; };
		343AB4301CC9A1EA00962943 /* AMPDeviceInfo.h in Headers */ = {isa = PBXBuildFile; fileRef = E96785E31A48E93F00887CCD /* AMPDeviceInfo.h */; settings = {ATTRIBUTES = (Public, ); }; };
		343AB4311CC9A1EA00962943 /* AMPIdentify.h in Headers */ = {isa = PBXBuildFile; fileRef = 60BA92731C2376680043178E /* AMPIdentify.h */; settings = {ATTRIBUTES = (Public, ); }; };
		343AB4321CC9A1EA00962943 /* Amplitude.h in Headers */ = {isa = PBXBuildFile; fileRef = E96785E61A48E93F00887CCD /* Amplitude.h */; settings = {ATTRIBUTES = (Public, ); }; };
		343AB4331CC9A1EA00962943 /* Amplitude+SSLPinning.h in Headers */ = {isa = PBXBuildFile; fileRef = 9DC708561AD4A49E00949778 /* Amplitude+SSLPinning.h */; settings = {ATTRIBUTES = (Public, ); }; };
		343AB4341CC9A1EA00962943 /* AMPLocationManagerDelegate.h in Headers */ = {isa = PBXBuildFile; fileRef = E96785E81A48E93F00887CCD /* AMPLocationManagerDelegate.h */; settings = {ATTRIBUTES = (Public, ); }; };
		343AB4351CC9A1EA00962943 /* AMPRevenue.h in Headers */ = {isa = PBXBuildFile; fileRef = 60227C091CC5AB8A007C117B /* AMPRevenue.h */; settings = {ATTRIBUTES = (Public, ); }; };
		343AB4361CC9A1EA00962943 /* AMPURLConnection.h in Headers */ = {isa = PBXBuildFile; fileRef = 9D40E1791AB3BF7F0095C7C6 /* AMPURLConnection.h */; settings = {ATTRIBUTES = (Public, ); }; };
		343AB4371CC9A1EA00962943 /* AMPUtils.h in Headers */ = {isa = PBXBuildFile; fileRef = 60BA92751C2376680043178E /* AMPUtils.h */; settings = {ATTRIBUTES = (Public, ); }; };
		343AB4381CC9A1EA00962943 /* ISPCertificatePinning.h in Headers */ = {isa = PBXBuildFile; fileRef = 9D6E194C1ACCDE1C00352C6C /* ISPCertificatePinning.h */; settings = {ATTRIBUTES = (Public, ); }; };
		343AB4391CC9A1EA00962943 /* ISPPinnedNSURLConnectionDelegate.h in Headers */ = {isa = PBXBuildFile; fileRef = 9D6E194E1ACCDE1C00352C6C /* ISPPinnedNSURLConnectionDelegate.h */; settings = {ATTRIBUTES = (Public, ); }; };
		343AB43A1CC9A1EA00962943 /* ISPPinnedNSURLSessionDelegate.h in Headers */ = {isa = PBXBuildFile; fileRef = 9D6E19501ACCDE1C00352C6C /* ISPPinnedNSURLSessionDelegate.h */; settings = {ATTRIBUTES = (Public, ); }; };
		37802BD21E86AF65003E5A8B /* AMPDeviceInfo.m in Sources */ = {isa = PBXBuildFile; fileRef = E96785E41A48E93F00887CCD /* AMPDeviceInfo.m */; };
		37802BD31E86AF65003E5A8B /* AMPConstants.m in Sources */ = {isa = PBXBuildFile; fileRef = 9DC708591AD4B28300949778 /* AMPConstants.m */; };
		37802BD41E86AF65003E5A8B /* AMPRevenue.m in Sources */ = {isa = PBXBuildFile; fileRef = 60227C0A1CC5AB8A007C117B /* AMPRevenue.m */; };
		37802BD51E86AF65003E5A8B /* ISPPinnedNSURLSessionDelegate.m in Sources */ = {isa = PBXBuildFile; fileRef = 9D6E19511ACCDE1C00352C6C /* ISPPinnedNSURLSessionDelegate.m */; };
		37802BD61E86AF65003E5A8B /* Amplitude.m in Sources */ = {isa = PBXBuildFile; fileRef = E96785E71A48E93F00887CCD /* Amplitude.m */; };
		37802BD71E86AF65003E5A8B /* ISPCertificatePinning.m in Sources */ = {isa = PBXBuildFile; fileRef = 9D6E194D1ACCDE1C00352C6C /* ISPCertificatePinning.m */; };
		37802BD81E86AF65003E5A8B /* AMPIdentify.m in Sources */ = {isa = PBXBuildFile; fileRef = 60BA92741C2376680043178E /* AMPIdentify.m */; };
		37802BD91E86AF65003E5A8B /* AMPLocationManagerDelegate.m in Sources */ = {isa = PBXBuildFile; fileRef = E96785E91A48E93F00887CCD /* AMPLocationManagerDelegate.m */; };
		37802BDA1E86AF65003E5A8B /* AMPUtils.m in Sources */ = {isa = PBXBuildFile; fileRef = 60BA92761C2376680043178E /* AMPUtils.m */; };
		37802BDB1E86AF65003E5A8B /* AMPURLConnection.m in Sources */ = {isa = PBXBuildFile; fileRef = 9D40E17A1AB3BF7F0095C7C6 /* AMPURLConnection.m */; };
		37802BDC1E86AF65003E5A8B /* AMPDatabaseHelper.m in Sources */ = {isa = PBXBuildFile; fileRef = 60BA92721C2376680043178E /* AMPDatabaseHelper.m */; };
		37802BDD1E86AF65003E5A8B /* ISPPinnedNSURLConnectionDelegate.m in Sources */ = {isa = PBXBuildFile; fileRef = 9D6E194F1ACCDE1C00352C6C /* ISPPinnedNSURLConnectionDelegate.m */; };
		37802BE01E86AF65003E5A8B /* Amplitude.h in Headers */ = {isa = PBXBuildFile; fileRef = E96785E61A48E93F00887CCD /* Amplitude.h */; settings = {ATTRIBUTES = (Public, ); }; };
		37802BE11E86AF65003E5A8B /* AMPRevenue.h in Headers */ = {isa = PBXBuildFile; fileRef = 60227C091CC5AB8A007C117B /* AMPRevenue.h */; settings = {ATTRIBUTES = (Public, ); }; };
		37802BE21E86AF65003E5A8B /* AMPLocationManagerDelegate.h in Headers */ = {isa = PBXBuildFile; fileRef = E96785E81A48E93F00887CCD /* AMPLocationManagerDelegate.h */; settings = {ATTRIBUTES = (Public, ); }; };
		37802BE31E86AF65003E5A8B /* AMPDatabaseHelper.h in Headers */ = {isa = PBXBuildFile; fileRef = 60BA92711C2376680043178E /* AMPDatabaseHelper.h */; settings = {ATTRIBUTES = (Public, ); }; };
		37802BE41E86AF65003E5A8B /* Amplitude+SSLPinning.h in Headers */ = {isa = PBXBuildFile; fileRef = 9DC708561AD4A49E00949778 /* Amplitude+SSLPinning.h */; settings = {ATTRIBUTES = (Public, ); }; };
		37802BE51E86AF65003E5A8B /* AMPDeviceInfo.h in Headers */ = {isa = PBXBuildFile; fileRef = E96785E31A48E93F00887CCD /* AMPDeviceInfo.h */; settings = {ATTRIBUTES = (Public, ); }; };
		37802BE61E86AF65003E5A8B /* AmplitudeFramework.h in Headers */ = {isa = PBXBuildFile; fileRef = 343AB4191CC99F4F00962943 /* AmplitudeFramework.h */; settings = {ATTRIBUTES = (Public, ); }; };
		37802BE71E86AF65003E5A8B /* AMPConstants.h in Headers */ = {isa = PBXBuildFile; fileRef = E96785E21A48E93F00887CCD /* AMPConstants.h */; settings = {ATTRIBUTES = (Public, ); }; };
		37802BE81E86AF65003E5A8B /* ISPCertificatePinning.h in Headers */ = {isa = PBXBuildFile; fileRef = 9D6E194C1ACCDE1C00352C6C /* ISPCertificatePinning.h */; settings = {ATTRIBUTES = (Public, ); }; };
		37802BE91E86AF65003E5A8B /* AMPARCMacros.h in Headers */ = {isa = PBXBuildFile; fileRef = E96785E11A48E93F00887CCD /* AMPARCMacros.h */; settings = {ATTRIBUTES = (Public, ); }; };
		37802BEA1E86AF65003E5A8B /* ISPPinnedNSURLSessionDelegate.h in Headers */ = {isa = PBXBuildFile; fileRef = 9D6E19501ACCDE1C00352C6C /* ISPPinnedNSURLSessionDelegate.h */; settings = {ATTRIBUTES = (Public, ); }; };
		37802BEB1E86AF65003E5A8B /* AMPIdentify.h in Headers */ = {isa = PBXBuildFile; fileRef = 60BA92731C2376680043178E /* AMPIdentify.h */; settings = {ATTRIBUTES = (Public, ); }; };
		37802BEC1E86AF65003E5A8B /* AMPURLConnection.h in Headers */ = {isa = PBXBuildFile; fileRef = 9D40E1791AB3BF7F0095C7C6 /* AMPURLConnection.h */; settings = {ATTRIBUTES = (Public, ); }; };
		37802BED1E86AF65003E5A8B /* ISPPinnedNSURLConnectionDelegate.h in Headers */ = {isa = PBXBuildFile; fileRef = 9D6E194E1ACCDE1C00352C6C /* ISPPinnedNSURLConnectionDelegate.h */; settings = {ATTRIBUTES = (Public, ); }; };
		37802BEE1E86AF65003E5A8B /* AMPUtils.h in Headers */ = {isa = PBXBuildFile; fileRef = 60BA92751C2376680043178E /* AMPUtils.h */; settings = {ATTRIBUTES = (Public, ); }; };
		42C428E3A2F292CF45AD5726 /* libPods-AmplitudeTests.a in Frameworks */ = {isa = PBXBuildFile; fileRef = DB9AFF397E54853B1A74287D /* libPods-AmplitudeTests.a */; };
		600CBC6B1E2EF609001F58A9 /* AMPConstants.m in Sources */ = {isa = PBXBuildFile; fileRef = 9DC708591AD4B28300949778 /* AMPConstants.m */; };
		600CBC6C1E2EF60C001F58A9 /* AMPDatabaseHelper.m in Sources */ = {isa = PBXBuildFile; fileRef = 60BA92721C2376680043178E /* AMPDatabaseHelper.m */; };
		600CBC6D1E2EF60F001F58A9 /* AMPDeviceInfo.m in Sources */ = {isa = PBXBuildFile; fileRef = E96785E41A48E93F00887CCD /* AMPDeviceInfo.m */; };
		600CBC6E1E2EF611001F58A9 /* AMPIdentify.m in Sources */ = {isa = PBXBuildFile; fileRef = 60BA92741C2376680043178E /* AMPIdentify.m */; };
		600CBC6F1E2EF614001F58A9 /* Amplitude.m in Sources */ = {isa = PBXBuildFile; fileRef = E96785E71A48E93F00887CCD /* Amplitude.m */; };
		600CBC701E2EF617001F58A9 /* AMPLocationManagerDelegate.m in Sources */ = {isa = PBXBuildFile; fileRef = E96785E91A48E93F00887CCD /* AMPLocationManagerDelegate.m */; };
		600CBC711E2EF619001F58A9 /* AMPRevenue.m in Sources */ = {isa = PBXBuildFile; fileRef = 60227C0A1CC5AB8A007C117B /* AMPRevenue.m */; };
		600CBC721E2EF61C001F58A9 /* AMPURLConnection.m in Sources */ = {isa = PBXBuildFile; fileRef = 9D40E17A1AB3BF7F0095C7C6 /* AMPURLConnection.m */; };
		600CBC731E2EF61F001F58A9 /* AMPUtils.m in Sources */ = {isa = PBXBuildFile; fileRef = 60BA92761C2376680043178E /* AMPUtils.m */; };
		600CBC741E2EF621001F58A9 /* ComodoRsaCA.der in Resources */ = {isa = PBXBuildFile; fileRef = 9D76A3A41ABA5F890062E132 /* ComodoRsaCA.der */; };
		600CBC751E2EF624001F58A9 /* ComodoRsaDomainValidationCA.der in Resources */ = {isa = PBXBuildFile; fileRef = 9D76A3A31ABA5F890062E132 /* ComodoRsaDomainValidationCA.der */; };
		600CBC761E2EF629001F58A9 /* ISPCertificatePinning.m in Sources */ = {isa = PBXBuildFile; fileRef = 9D6E194D1ACCDE1C00352C6C /* ISPCertificatePinning.m */; };
		600CBC771E2EF62C001F58A9 /* ISPPinnedNSURLConnectionDelegate.m in Sources */ = {isa = PBXBuildFile; fileRef = 9D6E194F1ACCDE1C00352C6C /* ISPPinnedNSURLConnectionDelegate.m */; };
		600CBC781E2EF62E001F58A9 /* ISPPinnedNSURLSessionDelegate.m in Sources */ = {isa = PBXBuildFile; fileRef = 9D6E19511ACCDE1C00352C6C /* ISPPinnedNSURLSessionDelegate.m */; };
		600CBC791E2EF637001F58A9 /* AMPDatabaseHelperTests.m in Sources */ = {isa = PBXBuildFile; fileRef = 60BA927D1C23768E0043178E /* AMPDatabaseHelperTests.m */; };
		600CBC7A1E2EF63A001F58A9 /* Amplitude+Test.m in Sources */ = {isa = PBXBuildFile; fileRef = 9DFBB9C61AB0D1DD0017F703 /* Amplitude+Test.m */; };
		600CBC7C1E2EF63F001F58A9 /* AmplitudeTests.m in Sources */ = {isa = PBXBuildFile; fileRef = 602A9A6A1B754E7B0067230C /* AmplitudeTests.m */; };
		600CBC7D1E2EF646001F58A9 /* AmplitudeTVOSTests.m in Sources */ = {isa = PBXBuildFile; fileRef = 601AF94C1E2EF332006CE4BA /* AmplitudeTVOSTests.m */; };
		600CBC7F1E2EF64C001F58A9 /* BaseTestCase.m in Sources */ = {isa = PBXBuildFile; fileRef = 9DFBB9C91AB0D26E0017F703 /* BaseTestCase.m */; };
		600CBC801E2EF64E001F58A9 /* IdentifyTests.m in Sources */ = {isa = PBXBuildFile; fileRef = 60BA927E1C23768E0043178E /* IdentifyTests.m */; };
		600CBC811E2EF651001F58A9 /* RevenueTests.m in Sources */ = {isa = PBXBuildFile; fileRef = 60227C0D1CC5BC07007C117B /* RevenueTests.m */; };
		600CBC821E2EF654001F58A9 /* SessionTests.m in Sources */ = {isa = PBXBuildFile; fileRef = 9DFBB9CB1AB0D47A0017F703 /* SessionTests.m */; };
		600CBC831E2EF656001F58A9 /* SetupTests.m in Sources */ = {isa = PBXBuildFile; fileRef = 9D82D1D71AC1006600C3F321 /* SetupTests.m */; };
		601AF94B1E2EF2A1006CE4BA /* AmplitudeiOSTests.m in Sources */ = {isa = PBXBuildFile; fileRef = 601AF94A1E2EF2A1006CE4BA /* AmplitudeiOSTests.m */; };
		60227C0B1CC5AB8A007C117B /* AMPRevenue.m in Sources */ = {isa = PBXBuildFile; fileRef = 60227C0A1CC5AB8A007C117B /* AMPRevenue.m */; };
		60227C0C1CC5AC2F007C117B /* AMPRevenue.m in Sources */ = {isa = PBXBuildFile; fileRef = 60227C0A1CC5AB8A007C117B /* AMPRevenue.m */; };
		60227C0E1CC5BC07007C117B /* RevenueTests.m in Sources */ = {isa = PBXBuildFile; fileRef = 60227C0D1CC5BC07007C117B /* RevenueTests.m */; };
		602A9A6B1B754E7B0067230C /* AmplitudeTests.m in Sources */ = {isa = PBXBuildFile; fileRef = 602A9A6A1B754E7B0067230C /* AmplitudeTests.m */; };
		60AFE7321F6B637100DF9A88 /* AMPURLSession.m in Sources */ = {isa = PBXBuildFile; fileRef = 60AFE7311F6B636F00DF9A88 /* AMPURLSession.m */; };
		60AFE7331F6B70EF00DF9A88 /* AMPURLSession.h in Headers */ = {isa = PBXBuildFile; fileRef = 60AFE7301F6B636B00DF9A88 /* AMPURLSession.h */; };
		60AFE7341F6B70F300DF9A88 /* AMPURLSession.m in Sources */ = {isa = PBXBuildFile; fileRef = 60AFE7311F6B636F00DF9A88 /* AMPURLSession.m */; };
		60AFE7351F6B70F300DF9A88 /* AMPURLSession.m in Sources */ = {isa = PBXBuildFile; fileRef = 60AFE7311F6B636F00DF9A88 /* AMPURLSession.m */; };
		60AFE7361F6B70F400DF9A88 /* AMPURLSession.m in Sources */ = {isa = PBXBuildFile; fileRef = 60AFE7311F6B636F00DF9A88 /* AMPURLSession.m */; };
		60BA92771C2376680043178E /* AMPDatabaseHelper.m in Sources */ = {isa = PBXBuildFile; fileRef = 60BA92721C2376680043178E /* AMPDatabaseHelper.m */; };
		60BA92781C2376680043178E /* AMPIdentify.m in Sources */ = {isa = PBXBuildFile; fileRef = 60BA92741C2376680043178E /* AMPIdentify.m */; };
		60BA92791C2376680043178E /* AMPUtils.m in Sources */ = {isa = PBXBuildFile; fileRef = 60BA92761C2376680043178E /* AMPUtils.m */; };
		60BA927A1C2376770043178E /* AMPDatabaseHelper.m in Sources */ = {isa = PBXBuildFile; fileRef = 60BA92721C2376680043178E /* AMPDatabaseHelper.m */; };
		60BA927B1C23767B0043178E /* AMPIdentify.m in Sources */ = {isa = PBXBuildFile; fileRef = 60BA92741C2376680043178E /* AMPIdentify.m */; };
		60BA927C1C23767D0043178E /* AMPUtils.m in Sources */ = {isa = PBXBuildFile; fileRef = 60BA92761C2376680043178E /* AMPUtils.m */; };
		60BA927F1C23768E0043178E /* AMPDatabaseHelperTests.m in Sources */ = {isa = PBXBuildFile; fileRef = 60BA927D1C23768E0043178E /* AMPDatabaseHelperTests.m */; };
		60BA92801C23768E0043178E /* IdentifyTests.m in Sources */ = {isa = PBXBuildFile; fileRef = 60BA927E1C23768E0043178E /* IdentifyTests.m */; };
		60FD3059210264C000267B2A /* AMPTrackingOptions.h in Headers */ = {isa = PBXBuildFile; fileRef = 60FD3058210264C000267B2A /* AMPTrackingOptions.h */; settings = {ATTRIBUTES = (Public, ); }; };
		60FD305B210264FA00267B2A /* AMPTrackingOptions.m in Sources */ = {isa = PBXBuildFile; fileRef = 60FD305A210264FA00267B2A /* AMPTrackingOptions.m */; };
		60FD305C210264FA00267B2A /* AMPTrackingOptions.m in Sources */ = {isa = PBXBuildFile; fileRef = 60FD305A210264FA00267B2A /* AMPTrackingOptions.m */; };
		60FD305D210264FA00267B2A /* AMPTrackingOptions.m in Sources */ = {isa = PBXBuildFile; fileRef = 60FD305A210264FA00267B2A /* AMPTrackingOptions.m */; };
		60FD305E210264FA00267B2A /* AMPTrackingOptions.m in Sources */ = {isa = PBXBuildFile; fileRef = 60FD305A210264FA00267B2A /* AMPTrackingOptions.m */; };
		60FD30612102760500267B2A /* TrackingOptionsTest.m in Sources */ = {isa = PBXBuildFile; fileRef = 60FD305F2102760500267B2A /* TrackingOptionsTest.m */; };
		6561B3D122273AD600763B04 /* AMPTrackingOptions.h in Headers */ = {isa = PBXBuildFile; fileRef = 60FD3058210264C000267B2A /* AMPTrackingOptions.h */; settings = {ATTRIBUTES = (Public, ); }; };
		6561B3D222273AE200763B04 /* AMPURLSession.h in Headers */ = {isa = PBXBuildFile; fileRef = 60AFE7301F6B636B00DF9A88 /* AMPURLSession.h */; settings = {ATTRIBUTES = (Public, ); }; };
		6561B3D322273BEB00763B04 /* AMPTrackingOptions.m in Sources */ = {isa = PBXBuildFile; fileRef = 60FD305A210264FA00267B2A /* AMPTrackingOptions.m */; };
		9D265EF41AB3FA2500399D93 /* SSLPinningTests.m in Sources */ = {isa = PBXBuildFile; fileRef = 9D265EF31AB3FA2500399D93 /* SSLPinningTests.m */; };
		9D40E17E1AB3BF7F0095C7C6 /* AMPURLConnection.m in Sources */ = {isa = PBXBuildFile; fileRef = 9D40E17A1AB3BF7F0095C7C6 /* AMPURLConnection.m */; };
		9D40E17F1AB3BF7F0095C7C6 /* AMPURLConnection.m in Sources */ = {isa = PBXBuildFile; fileRef = 9D40E17A1AB3BF7F0095C7C6 /* AMPURLConnection.m */; };
		9D40E1951AB3F6550095C7C6 /* InvalidCertificationAuthority.der in Resources */ = {isa = PBXBuildFile; fileRef = 9D40E1941AB3F6550095C7C6 /* InvalidCertificationAuthority.der */; };
		9D6E19531ACCDE1C00352C6C /* ISPCertificatePinning.m in Sources */ = {isa = PBXBuildFile; fileRef = 9D6E194D1ACCDE1C00352C6C /* ISPCertificatePinning.m */; };
		9D6E19541ACCDE1C00352C6C /* ISPPinnedNSURLConnectionDelegate.m in Sources */ = {isa = PBXBuildFile; fileRef = 9D6E194F1ACCDE1C00352C6C /* ISPPinnedNSURLConnectionDelegate.m */; };
		9D6E19551ACCDE1C00352C6C /* ISPPinnedNSURLSessionDelegate.m in Sources */ = {isa = PBXBuildFile; fileRef = 9D6E19511ACCDE1C00352C6C /* ISPPinnedNSURLSessionDelegate.m */; };
		9D6E19561ACCDE9000352C6C /* ISPCertificatePinning.m in Sources */ = {isa = PBXBuildFile; fileRef = 9D6E194D1ACCDE1C00352C6C /* ISPCertificatePinning.m */; };
		9D6E19571ACCDE9000352C6C /* ISPPinnedNSURLConnectionDelegate.m in Sources */ = {isa = PBXBuildFile; fileRef = 9D6E194F1ACCDE1C00352C6C /* ISPPinnedNSURLConnectionDelegate.m */; };
		9D6E19581ACCDE9000352C6C /* ISPPinnedNSURLSessionDelegate.m in Sources */ = {isa = PBXBuildFile; fileRef = 9D6E19511ACCDE1C00352C6C /* ISPPinnedNSURLSessionDelegate.m */; };
		9D76A3A51ABA5F890062E132 /* ComodoRsaDomainValidationCA.der in Resources */ = {isa = PBXBuildFile; fileRef = 9D76A3A31ABA5F890062E132 /* ComodoRsaDomainValidationCA.der */; };
		9D76A3A61ABA5F890062E132 /* ComodoRsaCA.der in Resources */ = {isa = PBXBuildFile; fileRef = 9D76A3A41ABA5F890062E132 /* ComodoRsaCA.der */; };
		9D82D1D81AC1006600C3F321 /* SetupTests.m in Sources */ = {isa = PBXBuildFile; fileRef = 9D82D1D71AC1006600C3F321 /* SetupTests.m */; };
		9DC7085A1AD4B28300949778 /* AMPConstants.m in Sources */ = {isa = PBXBuildFile; fileRef = 9DC708591AD4B28300949778 /* AMPConstants.m */; };
		9DC7085B1AD4B28300949778 /* AMPConstants.m in Sources */ = {isa = PBXBuildFile; fileRef = 9DC708591AD4B28300949778 /* AMPConstants.m */; };
		9DDE2C031AE7069200B740EC /* DeviceInfoTests.m in Sources */ = {isa = PBXBuildFile; fileRef = 9DDE2C021AE7069200B740EC /* DeviceInfoTests.m */; };
		9DFBB9C71AB0D1DD0017F703 /* Amplitude+Test.m in Sources */ = {isa = PBXBuildFile; fileRef = 9DFBB9C61AB0D1DD0017F703 /* Amplitude+Test.m */; };
		9DFBB9CA1AB0D26E0017F703 /* BaseTestCase.m in Sources */ = {isa = PBXBuildFile; fileRef = 9DFBB9C91AB0D26E0017F703 /* BaseTestCase.m */; };
		9DFBB9CC1AB0D47A0017F703 /* SessionTests.m in Sources */ = {isa = PBXBuildFile; fileRef = 9DFBB9CB1AB0D47A0017F703 /* SessionTests.m */; };
		DA6B3BB40A3C99F08C34EDFD /* libPods-AmplitudeTVOSTests.a in Frameworks */ = {isa = PBXBuildFile; fileRef = C1E203B94A494052A38E53DF /* libPods-AmplitudeTVOSTests.a */; };
		E93C8C551A59B3B9001339A5 /* AMPLocationManagerDelegateTests.m in Sources */ = {isa = PBXBuildFile; fileRef = E93C8C541A59B3B9001339A5 /* AMPLocationManagerDelegateTests.m */; };
		E96785EC1A48E93F00887CCD /* AMPDeviceInfo.m in Sources */ = {isa = PBXBuildFile; fileRef = E96785E41A48E93F00887CCD /* AMPDeviceInfo.m */; };
		E96785ED1A48E93F00887CCD /* Amplitude.m in Sources */ = {isa = PBXBuildFile; fileRef = E96785E71A48E93F00887CCD /* Amplitude.m */; };
		E96785EE1A48E93F00887CCD /* AMPLocationManagerDelegate.m in Sources */ = {isa = PBXBuildFile; fileRef = E96785E91A48E93F00887CCD /* AMPLocationManagerDelegate.m */; };
		E96786001A48FBD100887CCD /* AMPDeviceInfo.m in Sources */ = {isa = PBXBuildFile; fileRef = E96785E41A48E93F00887CCD /* AMPDeviceInfo.m */; };
		E96786011A48FBD100887CCD /* Amplitude.m in Sources */ = {isa = PBXBuildFile; fileRef = E96785E71A48E93F00887CCD /* Amplitude.m */; };
		E96786021A48FBD100887CCD /* AMPLocationManagerDelegate.m in Sources */ = {isa = PBXBuildFile; fileRef = E96785E91A48E93F00887CCD /* AMPLocationManagerDelegate.m */; };
/* End PBXBuildFile section */

/* Begin PBXCopyFilesBuildPhase section */
		E98C05211A48E7FE00800C63 /* CopyFiles */ = {
			isa = PBXCopyFilesBuildPhase;
			buildActionMask = 2147483647;
			dstPath = "include/$(PRODUCT_NAME)";
			dstSubfolderSpec = 16;
			files = (
			);
			runOnlyForDeploymentPostprocessing = 0;
		};
/* End PBXCopyFilesBuildPhase section */

/* Begin PBXFileReference section */
		343AB4171CC99F4F00962943 /* Amplitude.framework */ = {isa = PBXFileReference; explicitFileType = wrapper.framework; includeInIndex = 0; path = Amplitude.framework; sourceTree = BUILT_PRODUCTS_DIR; };
		343AB4191CC99F4F00962943 /* AmplitudeFramework.h */ = {isa = PBXFileReference; lastKnownFileType = sourcecode.c.h; path = AmplitudeFramework.h; sourceTree = "<group>"; };
		343AB41B1CC99F4F00962943 /* Info.plist */ = {isa = PBXFileReference; lastKnownFileType = text.plist.xml; path = Info.plist; sourceTree = "<group>"; };
		37802BF31E86AF65003E5A8B /* Amplitude.framework */ = {isa = PBXFileReference; explicitFileType = wrapper.framework; includeInIndex = 0; path = Amplitude.framework; sourceTree = BUILT_PRODUCTS_DIR; };
		59E837BC70064214FD8C88C1 /* Pods-AmplitudeTests.release.xcconfig */ = {isa = PBXFileReference; includeInIndex = 1; lastKnownFileType = text.xcconfig; name = "Pods-AmplitudeTests.release.xcconfig"; path = "Pods/Target Support Files/Pods-AmplitudeTests/Pods-AmplitudeTests.release.xcconfig"; sourceTree = "<group>"; };
		600CBC5C1E2EF5B0001F58A9 /* AmplitudeTVOSTests.xctest */ = {isa = PBXFileReference; explicitFileType = wrapper.cfbundle; includeInIndex = 0; path = AmplitudeTVOSTests.xctest; sourceTree = BUILT_PRODUCTS_DIR; };
		600CBC631E2EF5B0001F58A9 /* Info.plist */ = {isa = PBXFileReference; lastKnownFileType = text.plist.xml; path = Info.plist; sourceTree = "<group>"; };
		601AF94A1E2EF2A1006CE4BA /* AmplitudeiOSTests.m */ = {isa = PBXFileReference; fileEncoding = 4; lastKnownFileType = sourcecode.c.objc; path = AmplitudeiOSTests.m; sourceTree = "<group>"; };
		601AF94C1E2EF332006CE4BA /* AmplitudeTVOSTests.m */ = {isa = PBXFileReference; fileEncoding = 4; lastKnownFileType = sourcecode.c.objc; name = AmplitudeTVOSTests.m; path = ../AmplitudeTests/AmplitudeTVOSTests.m; sourceTree = "<group>"; };
		60227C091CC5AB8A007C117B /* AMPRevenue.h */ = {isa = PBXFileReference; fileEncoding = 4; lastKnownFileType = sourcecode.c.h; path = AMPRevenue.h; sourceTree = "<group>"; };
		60227C0A1CC5AB8A007C117B /* AMPRevenue.m */ = {isa = PBXFileReference; fileEncoding = 4; lastKnownFileType = sourcecode.c.objc; path = AMPRevenue.m; sourceTree = "<group>"; };
		60227C0D1CC5BC07007C117B /* RevenueTests.m */ = {isa = PBXFileReference; fileEncoding = 4; lastKnownFileType = sourcecode.c.objc; path = RevenueTests.m; sourceTree = "<group>"; };
		602A9A6A1B754E7B0067230C /* AmplitudeTests.m */ = {isa = PBXFileReference; fileEncoding = 4; lastKnownFileType = sourcecode.c.objc; path = AmplitudeTests.m; sourceTree = "<group>"; };
		60AFE7301F6B636B00DF9A88 /* AMPURLSession.h */ = {isa = PBXFileReference; fileEncoding = 4; lastKnownFileType = sourcecode.c.h; path = AMPURLSession.h; sourceTree = "<group>"; };
		60AFE7311F6B636F00DF9A88 /* AMPURLSession.m */ = {isa = PBXFileReference; fileEncoding = 4; lastKnownFileType = sourcecode.c.objc; path = AMPURLSession.m; sourceTree = "<group>"; };
		60BA92711C2376680043178E /* AMPDatabaseHelper.h */ = {isa = PBXFileReference; fileEncoding = 4; lastKnownFileType = sourcecode.c.h; path = AMPDatabaseHelper.h; sourceTree = "<group>"; };
		60BA92721C2376680043178E /* AMPDatabaseHelper.m */ = {isa = PBXFileReference; fileEncoding = 4; lastKnownFileType = sourcecode.c.objc; path = AMPDatabaseHelper.m; sourceTree = "<group>"; };
		60BA92731C2376680043178E /* AMPIdentify.h */ = {isa = PBXFileReference; fileEncoding = 4; lastKnownFileType = sourcecode.c.h; path = AMPIdentify.h; sourceTree = "<group>"; };
		60BA92741C2376680043178E /* AMPIdentify.m */ = {isa = PBXFileReference; fileEncoding = 4; lastKnownFileType = sourcecode.c.objc; path = AMPIdentify.m; sourceTree = "<group>"; };
		60BA92751C2376680043178E /* AMPUtils.h */ = {isa = PBXFileReference; fileEncoding = 4; lastKnownFileType = sourcecode.c.h; path = AMPUtils.h; sourceTree = "<group>"; };
		60BA92761C2376680043178E /* AMPUtils.m */ = {isa = PBXFileReference; fileEncoding = 4; lastKnownFileType = sourcecode.c.objc; path = AMPUtils.m; sourceTree = "<group>"; };
		60BA927D1C23768E0043178E /* AMPDatabaseHelperTests.m */ = {isa = PBXFileReference; fileEncoding = 4; lastKnownFileType = sourcecode.c.objc; path = AMPDatabaseHelperTests.m; sourceTree = "<group>"; };
		60BA927E1C23768E0043178E /* IdentifyTests.m */ = {isa = PBXFileReference; fileEncoding = 4; lastKnownFileType = sourcecode.c.objc; path = IdentifyTests.m; sourceTree = "<group>"; };
		60FD3058210264C000267B2A /* AMPTrackingOptions.h */ = {isa = PBXFileReference; fileEncoding = 4; lastKnownFileType = sourcecode.c.h; path = AMPTrackingOptions.h; sourceTree = "<group>"; };
		60FD305A210264FA00267B2A /* AMPTrackingOptions.m */ = {isa = PBXFileReference; fileEncoding = 4; lastKnownFileType = sourcecode.c.objc; path = AMPTrackingOptions.m; sourceTree = "<group>"; };
		60FD305F2102760500267B2A /* TrackingOptionsTest.m */ = {isa = PBXFileReference; lastKnownFileType = sourcecode.c.objc; path = TrackingOptionsTest.m; sourceTree = "<group>"; };
		9723D871F0FD1F111C200175 /* Pods-AmplitudeTVOSTests.release.xcconfig */ = {isa = PBXFileReference; includeInIndex = 1; lastKnownFileType = text.xcconfig; name = "Pods-AmplitudeTVOSTests.release.xcconfig"; path = "Pods/Target Support Files/Pods-AmplitudeTVOSTests/Pods-AmplitudeTVOSTests.release.xcconfig"; sourceTree = "<group>"; };
		9D265EF31AB3FA2500399D93 /* SSLPinningTests.m */ = {isa = PBXFileReference; fileEncoding = 4; lastKnownFileType = sourcecode.c.objc; path = SSLPinningTests.m; sourceTree = "<group>"; };
		9D40E1791AB3BF7F0095C7C6 /* AMPURLConnection.h */ = {isa = PBXFileReference; fileEncoding = 4; lastKnownFileType = sourcecode.c.h; path = AMPURLConnection.h; sourceTree = "<group>"; };
		9D40E17A1AB3BF7F0095C7C6 /* AMPURLConnection.m */ = {isa = PBXFileReference; fileEncoding = 4; lastKnownFileType = sourcecode.c.objc; path = AMPURLConnection.m; sourceTree = "<group>"; };
		9D40E1941AB3F6550095C7C6 /* InvalidCertificationAuthority.der */ = {isa = PBXFileReference; lastKnownFileType = file; path = InvalidCertificationAuthority.der; sourceTree = "<group>"; };
		9D6E194C1ACCDE1C00352C6C /* ISPCertificatePinning.h */ = {isa = PBXFileReference; fileEncoding = 4; lastKnownFileType = sourcecode.c.h; path = ISPCertificatePinning.h; sourceTree = "<group>"; };
		9D6E194D1ACCDE1C00352C6C /* ISPCertificatePinning.m */ = {isa = PBXFileReference; fileEncoding = 4; lastKnownFileType = sourcecode.c.objc; path = ISPCertificatePinning.m; sourceTree = "<group>"; };
		9D6E194E1ACCDE1C00352C6C /* ISPPinnedNSURLConnectionDelegate.h */ = {isa = PBXFileReference; fileEncoding = 4; lastKnownFileType = sourcecode.c.h; path = ISPPinnedNSURLConnectionDelegate.h; sourceTree = "<group>"; };
		9D6E194F1ACCDE1C00352C6C /* ISPPinnedNSURLConnectionDelegate.m */ = {isa = PBXFileReference; fileEncoding = 4; lastKnownFileType = sourcecode.c.objc; path = ISPPinnedNSURLConnectionDelegate.m; sourceTree = "<group>"; };
		9D6E19501ACCDE1C00352C6C /* ISPPinnedNSURLSessionDelegate.h */ = {isa = PBXFileReference; fileEncoding = 4; lastKnownFileType = sourcecode.c.h; path = ISPPinnedNSURLSessionDelegate.h; sourceTree = "<group>"; };
		9D6E19511ACCDE1C00352C6C /* ISPPinnedNSURLSessionDelegate.m */ = {isa = PBXFileReference; fileEncoding = 4; lastKnownFileType = sourcecode.c.objc; path = ISPPinnedNSURLSessionDelegate.m; sourceTree = "<group>"; };
		9D6E19521ACCDE1C00352C6C /* SSLCertificatePinning-Prefix.pch */ = {isa = PBXFileReference; fileEncoding = 4; lastKnownFileType = sourcecode.c.h; path = "SSLCertificatePinning-Prefix.pch"; sourceTree = "<group>"; };
		9D76A3A31ABA5F890062E132 /* ComodoRsaDomainValidationCA.der */ = {isa = PBXFileReference; lastKnownFileType = file; path = ComodoRsaDomainValidationCA.der; sourceTree = "<group>"; };
		9D76A3A41ABA5F890062E132 /* ComodoRsaCA.der */ = {isa = PBXFileReference; lastKnownFileType = file; path = ComodoRsaCA.der; sourceTree = "<group>"; };
		9D82D1D71AC1006600C3F321 /* SetupTests.m */ = {isa = PBXFileReference; fileEncoding = 4; lastKnownFileType = sourcecode.c.objc; path = SetupTests.m; sourceTree = "<group>"; };
		9DC708561AD4A49E00949778 /* Amplitude+SSLPinning.h */ = {isa = PBXFileReference; fileEncoding = 4; lastKnownFileType = sourcecode.c.h; name = "Amplitude+SSLPinning.h"; path = "Amplitude/Amplitude+SSLPinning.h"; sourceTree = SOURCE_ROOT; };
		9DC708591AD4B28300949778 /* AMPConstants.m */ = {isa = PBXFileReference; fileEncoding = 4; lastKnownFileType = sourcecode.c.objc; path = AMPConstants.m; sourceTree = "<group>"; };
		9DDE2C021AE7069200B740EC /* DeviceInfoTests.m */ = {isa = PBXFileReference; fileEncoding = 4; lastKnownFileType = sourcecode.c.objc; path = DeviceInfoTests.m; sourceTree = "<group>"; };
		9DFBB9C51AB0D1DD0017F703 /* Amplitude+Test.h */ = {isa = PBXFileReference; fileEncoding = 4; lastKnownFileType = sourcecode.c.h; path = "Amplitude+Test.h"; sourceTree = "<group>"; };
		9DFBB9C61AB0D1DD0017F703 /* Amplitude+Test.m */ = {isa = PBXFileReference; fileEncoding = 4; lastKnownFileType = sourcecode.c.objc; path = "Amplitude+Test.m"; sourceTree = "<group>"; };
		9DFBB9C81AB0D26E0017F703 /* BaseTestCase.h */ = {isa = PBXFileReference; fileEncoding = 4; lastKnownFileType = sourcecode.c.h; path = BaseTestCase.h; sourceTree = "<group>"; };
		9DFBB9C91AB0D26E0017F703 /* BaseTestCase.m */ = {isa = PBXFileReference; fileEncoding = 4; lastKnownFileType = sourcecode.c.objc; path = BaseTestCase.m; sourceTree = "<group>"; };
		9DFBB9CB1AB0D47A0017F703 /* SessionTests.m */ = {isa = PBXFileReference; fileEncoding = 4; lastKnownFileType = sourcecode.c.objc; path = SessionTests.m; sourceTree = "<group>"; };
		A553A7142982FCF36CA7B0D3 /* Pods-AmplitudeTVOSTests.debug.xcconfig */ = {isa = PBXFileReference; includeInIndex = 1; lastKnownFileType = text.xcconfig; name = "Pods-AmplitudeTVOSTests.debug.xcconfig"; path = "Pods/Target Support Files/Pods-AmplitudeTVOSTests/Pods-AmplitudeTVOSTests.debug.xcconfig"; sourceTree = "<group>"; };
		BBEDD10CA8A6B9F1D5F260BB /* Pods-AmplitudeTests.debug.xcconfig */ = {isa = PBXFileReference; includeInIndex = 1; lastKnownFileType = text.xcconfig; name = "Pods-AmplitudeTests.debug.xcconfig"; path = "Pods/Target Support Files/Pods-AmplitudeTests/Pods-AmplitudeTests.debug.xcconfig"; sourceTree = "<group>"; };
		C1E203B94A494052A38E53DF /* libPods-AmplitudeTVOSTests.a */ = {isa = PBXFileReference; explicitFileType = archive.ar; includeInIndex = 0; path = "libPods-AmplitudeTVOSTests.a"; sourceTree = BUILT_PRODUCTS_DIR; };
		D7280F441D655B9900CF13D4 /* Amplitude.modulemap */ = {isa = PBXFileReference; fileEncoding = 4; lastKnownFileType = "sourcecode.module-map"; path = Amplitude.modulemap; sourceTree = "<group>"; };
		DB9AFF397E54853B1A74287D /* libPods-AmplitudeTests.a */ = {isa = PBXFileReference; explicitFileType = archive.ar; includeInIndex = 0; path = "libPods-AmplitudeTests.a"; sourceTree = BUILT_PRODUCTS_DIR; };
		E93C8C541A59B3B9001339A5 /* AMPLocationManagerDelegateTests.m */ = {isa = PBXFileReference; fileEncoding = 4; lastKnownFileType = sourcecode.c.objc; path = AMPLocationManagerDelegateTests.m; sourceTree = "<group>"; };
		E96785E11A48E93F00887CCD /* AMPARCMacros.h */ = {isa = PBXFileReference; fileEncoding = 4; lastKnownFileType = sourcecode.c.h; path = AMPARCMacros.h; sourceTree = "<group>"; };
		E96785E21A48E93F00887CCD /* AMPConstants.h */ = {isa = PBXFileReference; fileEncoding = 4; lastKnownFileType = sourcecode.c.h; path = AMPConstants.h; sourceTree = "<group>"; };
		E96785E31A48E93F00887CCD /* AMPDeviceInfo.h */ = {isa = PBXFileReference; fileEncoding = 4; lastKnownFileType = sourcecode.c.h; path = AMPDeviceInfo.h; sourceTree = "<group>"; };
		E96785E41A48E93F00887CCD /* AMPDeviceInfo.m */ = {isa = PBXFileReference; fileEncoding = 4; lastKnownFileType = sourcecode.c.objc; path = AMPDeviceInfo.m; sourceTree = "<group>"; };
		E96785E61A48E93F00887CCD /* Amplitude.h */ = {isa = PBXFileReference; fileEncoding = 4; lastKnownFileType = sourcecode.c.h; path = Amplitude.h; sourceTree = "<group>"; };
		E96785E71A48E93F00887CCD /* Amplitude.m */ = {isa = PBXFileReference; fileEncoding = 4; lastKnownFileType = sourcecode.c.objc; path = Amplitude.m; sourceTree = "<group>"; };
		E96785E81A48E93F00887CCD /* AMPLocationManagerDelegate.h */ = {isa = PBXFileReference; fileEncoding = 4; lastKnownFileType = sourcecode.c.h; path = AMPLocationManagerDelegate.h; sourceTree = "<group>"; };
		E96785E91A48E93F00887CCD /* AMPLocationManagerDelegate.m */ = {isa = PBXFileReference; fileEncoding = 4; lastKnownFileType = sourcecode.c.objc; path = AMPLocationManagerDelegate.m; sourceTree = "<group>"; };
		E98C05231A48E7FE00800C63 /* libAmplitude.a */ = {isa = PBXFileReference; explicitFileType = archive.ar; includeInIndex = 0; path = libAmplitude.a; sourceTree = BUILT_PRODUCTS_DIR; };
		E98C052E1A48E7FE00800C63 /* AmplitudeTests.xctest */ = {isa = PBXFileReference; explicitFileType = wrapper.cfbundle; includeInIndex = 0; path = AmplitudeTests.xctest; sourceTree = BUILT_PRODUCTS_DIR; };
		E98C05311A48E7FE00800C63 /* Info.plist */ = {isa = PBXFileReference; lastKnownFileType = text.plist.xml; path = Info.plist; sourceTree = "<group>"; };
/* End PBXFileReference section */

/* Begin PBXFrameworksBuildPhase section */
		343AB4131CC99F4F00962943 /* Frameworks */ = {
			isa = PBXFrameworksBuildPhase;
			buildActionMask = 2147483647;
			files = (
			);
			runOnlyForDeploymentPostprocessing = 0;
		};
		37802BDE1E86AF65003E5A8B /* Frameworks */ = {
			isa = PBXFrameworksBuildPhase;
			buildActionMask = 2147483647;
			files = (
			);
			runOnlyForDeploymentPostprocessing = 0;
		};
		600CBC591E2EF5B0001F58A9 /* Frameworks */ = {
			isa = PBXFrameworksBuildPhase;
			buildActionMask = 2147483647;
			files = (
				DA6B3BB40A3C99F08C34EDFD /* libPods-AmplitudeTVOSTests.a in Frameworks */,
			);
			runOnlyForDeploymentPostprocessing = 0;
		};
		E98C05201A48E7FE00800C63 /* Frameworks */ = {
			isa = PBXFrameworksBuildPhase;
			buildActionMask = 2147483647;
			files = (
			);
			runOnlyForDeploymentPostprocessing = 0;
		};
		E98C052B1A48E7FE00800C63 /* Frameworks */ = {
			isa = PBXFrameworksBuildPhase;
			buildActionMask = 2147483647;
			files = (
				42C428E3A2F292CF45AD5726 /* libPods-AmplitudeTests.a in Frameworks */,
			);
			runOnlyForDeploymentPostprocessing = 0;
		};
/* End PBXFrameworksBuildPhase section */

/* Begin PBXGroup section */
		343AB4181CC99F4F00962943 /* AmplitudeFramework */ = {
			isa = PBXGroup;
			children = (
				343AB4191CC99F4F00962943 /* AmplitudeFramework.h */,
				D7280F441D655B9900CF13D4 /* Amplitude.modulemap */,
				343AB41B1CC99F4F00962943 /* Info.plist */,
			);
			path = AmplitudeFramework;
			sourceTree = "<group>";
		};
		600CBC601E2EF5B0001F58A9 /* AmplitudeTVOSTests */ = {
			isa = PBXGroup;
			children = (
				601AF94C1E2EF332006CE4BA /* AmplitudeTVOSTests.m */,
				600CBC631E2EF5B0001F58A9 /* Info.plist */,
			);
			name = AmplitudeTVOSTests;
			path = AmplitudeTVOSTestsTests;
			sourceTree = "<group>";
		};
		9D55C176B7CB02D142328C19 /* Frameworks */ = {
			isa = PBXGroup;
			children = (
				C1E203B94A494052A38E53DF /* libPods-AmplitudeTVOSTests.a */,
				DB9AFF397E54853B1A74287D /* libPods-AmplitudeTests.a */,
			);
			name = Frameworks;
			sourceTree = "<group>";
		};
		9D6E194B1ACCDE1C00352C6C /* SSLCertificatePinning */ = {
			isa = PBXGroup;
			children = (
				9D6E194C1ACCDE1C00352C6C /* ISPCertificatePinning.h */,
				9D6E194D1ACCDE1C00352C6C /* ISPCertificatePinning.m */,
				9D6E194E1ACCDE1C00352C6C /* ISPPinnedNSURLConnectionDelegate.h */,
				9D6E194F1ACCDE1C00352C6C /* ISPPinnedNSURLConnectionDelegate.m */,
				9D6E19501ACCDE1C00352C6C /* ISPPinnedNSURLSessionDelegate.h */,
				9D6E19511ACCDE1C00352C6C /* ISPPinnedNSURLSessionDelegate.m */,
				9D6E19521ACCDE1C00352C6C /* SSLCertificatePinning-Prefix.pch */,
			);
			path = SSLCertificatePinning;
			sourceTree = "<group>";
		};
		DA44019A1FBCE41A7F8C6968 /* Pods */ = {
			isa = PBXGroup;
			children = (
				A553A7142982FCF36CA7B0D3 /* Pods-AmplitudeTVOSTests.debug.xcconfig */,
				9723D871F0FD1F111C200175 /* Pods-AmplitudeTVOSTests.release.xcconfig */,
				BBEDD10CA8A6B9F1D5F260BB /* Pods-AmplitudeTests.debug.xcconfig */,
				59E837BC70064214FD8C88C1 /* Pods-AmplitudeTests.release.xcconfig */,
			);
			name = Pods;
			sourceTree = "<group>";
		};
		E98C051A1A48E7FE00800C63 = {
			isa = PBXGroup;
			children = (
				E98C05251A48E7FE00800C63 /* Amplitude */,
				E98C052F1A48E7FE00800C63 /* AmplitudeTests */,
				343AB4181CC99F4F00962943 /* AmplitudeFramework */,
				600CBC601E2EF5B0001F58A9 /* AmplitudeTVOSTests */,
				E98C05241A48E7FE00800C63 /* Products */,
				DA44019A1FBCE41A7F8C6968 /* Pods */,
				9D55C176B7CB02D142328C19 /* Frameworks */,
			);
			sourceTree = "<group>";
		};
		E98C05241A48E7FE00800C63 /* Products */ = {
			isa = PBXGroup;
			children = (
				E98C05231A48E7FE00800C63 /* libAmplitude.a */,
				E98C052E1A48E7FE00800C63 /* AmplitudeTests.xctest */,
				343AB4171CC99F4F00962943 /* Amplitude.framework */,
				600CBC5C1E2EF5B0001F58A9 /* AmplitudeTVOSTests.xctest */,
				37802BF31E86AF65003E5A8B /* Amplitude.framework */,
			);
			name = Products;
			sourceTree = "<group>";
		};
		E98C05251A48E7FE00800C63 /* Amplitude */ = {
			isa = PBXGroup;
			children = (
				9D76A3A41ABA5F890062E132 /* ComodoRsaCA.der */,
				9D76A3A31ABA5F890062E132 /* ComodoRsaDomainValidationCA.der */,
				E96785E11A48E93F00887CCD /* AMPARCMacros.h */,
				E96785E21A48E93F00887CCD /* AMPConstants.h */,
				60BA92711C2376680043178E /* AMPDatabaseHelper.h */,
				E96785E31A48E93F00887CCD /* AMPDeviceInfo.h */,
				60BA92731C2376680043178E /* AMPIdentify.h */,
				E96785E61A48E93F00887CCD /* Amplitude.h */,
				9DC708561AD4A49E00949778 /* Amplitude+SSLPinning.h */,
				E96785E81A48E93F00887CCD /* AMPLocationManagerDelegate.h */,
				60227C091CC5AB8A007C117B /* AMPRevenue.h */,
				60FD3058210264C000267B2A /* AMPTrackingOptions.h */,
				9D40E1791AB3BF7F0095C7C6 /* AMPURLConnection.h */,
				60AFE7301F6B636B00DF9A88 /* AMPURLSession.h */,
				60BA92751C2376680043178E /* AMPUtils.h */,
				9DC708591AD4B28300949778 /* AMPConstants.m */,
				60BA92721C2376680043178E /* AMPDatabaseHelper.m */,
				E96785E41A48E93F00887CCD /* AMPDeviceInfo.m */,
				60BA92741C2376680043178E /* AMPIdentify.m */,
				E96785E71A48E93F00887CCD /* Amplitude.m */,
				E96785E91A48E93F00887CCD /* AMPLocationManagerDelegate.m */,
				60227C0A1CC5AB8A007C117B /* AMPRevenue.m */,
				60FD305A210264FA00267B2A /* AMPTrackingOptions.m */,
				9D40E17A1AB3BF7F0095C7C6 /* AMPURLConnection.m */,
				60AFE7311F6B636F00DF9A88 /* AMPURLSession.m */,
				60BA92761C2376680043178E /* AMPUtils.m */,
				9D6E194B1ACCDE1C00352C6C /* SSLCertificatePinning */,
			);
			path = Amplitude;
			sourceTree = "<group>";
		};
		E98C052F1A48E7FE00800C63 /* AmplitudeTests */ = {
			isa = PBXGroup;
			children = (
				60BA927D1C23768E0043178E /* AMPDatabaseHelperTests.m */,
				9DFBB9C51AB0D1DD0017F703 /* Amplitude+Test.h */,
				9DFBB9C61AB0D1DD0017F703 /* Amplitude+Test.m */,
				602A9A6A1B754E7B0067230C /* AmplitudeTests.m */,
				601AF94A1E2EF2A1006CE4BA /* AmplitudeiOSTests.m */,
				E93C8C541A59B3B9001339A5 /* AMPLocationManagerDelegateTests.m */,
				9DFBB9C81AB0D26E0017F703 /* BaseTestCase.h */,
				9DFBB9C91AB0D26E0017F703 /* BaseTestCase.m */,
				9DDE2C021AE7069200B740EC /* DeviceInfoTests.m */,
				60BA927E1C23768E0043178E /* IdentifyTests.m */,
				9D40E1941AB3F6550095C7C6 /* InvalidCertificationAuthority.der */,
				60227C0D1CC5BC07007C117B /* RevenueTests.m */,
				9DFBB9CB1AB0D47A0017F703 /* SessionTests.m */,
				9D82D1D71AC1006600C3F321 /* SetupTests.m */,
				9D265EF31AB3FA2500399D93 /* SSLPinningTests.m */,
				E98C05301A48E7FE00800C63 /* Supporting Files */,
				60FD305F2102760500267B2A /* TrackingOptionsTest.m */,
			);
			path = AmplitudeTests;
			sourceTree = "<group>";
		};
		E98C05301A48E7FE00800C63 /* Supporting Files */ = {
			isa = PBXGroup;
			children = (
				E98C05311A48E7FE00800C63 /* Info.plist */,
			);
			name = "Supporting Files";
			sourceTree = "<group>";
		};
/* End PBXGroup section */

/* Begin PBXHeadersBuildPhase section */
		343AB4141CC99F4F00962943 /* Headers */ = {
			isa = PBXHeadersBuildPhase;
			buildActionMask = 2147483647;
			files = (
				343AB4321CC9A1EA00962943 /* Amplitude.h in Headers */,
				343AB4351CC9A1EA00962943 /* AMPRevenue.h in Headers */,
				343AB4341CC9A1EA00962943 /* AMPLocationManagerDelegate.h in Headers */,
				343AB42F1CC9A1EA00962943 /* AMPDatabaseHelper.h in Headers */,
				343AB4331CC9A1EA00962943 /* Amplitude+SSLPinning.h in Headers */,
				343AB4301CC9A1EA00962943 /* AMPDeviceInfo.h in Headers */,
				343AB41A1CC99F4F00962943 /* AmplitudeFramework.h in Headers */,
				343AB42E1CC9A1EA00962943 /* AMPConstants.h in Headers */,
				343AB4381CC9A1EA00962943 /* ISPCertificatePinning.h in Headers */,
				60FD3059210264C000267B2A /* AMPTrackingOptions.h in Headers */,
				343AB42D1CC9A1EA00962943 /* AMPARCMacros.h in Headers */,
				60AFE7331F6B70EF00DF9A88 /* AMPURLSession.h in Headers */,
				343AB43A1CC9A1EA00962943 /* ISPPinnedNSURLSessionDelegate.h in Headers */,
				343AB4311CC9A1EA00962943 /* AMPIdentify.h in Headers */,
				343AB4361CC9A1EA00962943 /* AMPURLConnection.h in Headers */,
				343AB4391CC9A1EA00962943 /* ISPPinnedNSURLConnectionDelegate.h in Headers */,
				343AB4371CC9A1EA00962943 /* AMPUtils.h in Headers */,
			);
			runOnlyForDeploymentPostprocessing = 0;
		};
		37802BDF1E86AF65003E5A8B /* Headers */ = {
			isa = PBXHeadersBuildPhase;
			buildActionMask = 2147483647;
			files = (
				37802BE01E86AF65003E5A8B /* Amplitude.h in Headers */,
				37802BE11E86AF65003E5A8B /* AMPRevenue.h in Headers */,
				37802BE21E86AF65003E5A8B /* AMPLocationManagerDelegate.h in Headers */,
				37802BE31E86AF65003E5A8B /* AMPDatabaseHelper.h in Headers */,
				37802BE41E86AF65003E5A8B /* Amplitude+SSLPinning.h in Headers */,
				37802BE51E86AF65003E5A8B /* AMPDeviceInfo.h in Headers */,
				37802BE61E86AF65003E5A8B /* AmplitudeFramework.h in Headers */,
				6561B3D122273AD600763B04 /* AMPTrackingOptions.h in Headers */,
				37802BE71E86AF65003E5A8B /* AMPConstants.h in Headers */,
				37802BE81E86AF65003E5A8B /* ISPCertificatePinning.h in Headers */,
				6561B3D222273AE200763B04 /* AMPURLSession.h in Headers */,
				37802BE91E86AF65003E5A8B /* AMPARCMacros.h in Headers */,
				37802BEA1E86AF65003E5A8B /* ISPPinnedNSURLSessionDelegate.h in Headers */,
				37802BEB1E86AF65003E5A8B /* AMPIdentify.h in Headers */,
				37802BEC1E86AF65003E5A8B /* AMPURLConnection.h in Headers */,
				37802BED1E86AF65003E5A8B /* ISPPinnedNSURLConnectionDelegate.h in Headers */,
				37802BEE1E86AF65003E5A8B /* AMPUtils.h in Headers */,
			);
			runOnlyForDeploymentPostprocessing = 0;
		};
/* End PBXHeadersBuildPhase section */

/* Begin PBXNativeTarget section */
		343AB4161CC99F4F00962943 /* AmplitudeFramework */ = {
			isa = PBXNativeTarget;
			buildConfigurationList = 343AB41E1CC99F4F00962943 /* Build configuration list for PBXNativeTarget "AmplitudeFramework" */;
			buildPhases = (
				343AB4121CC99F4F00962943 /* Sources */,
				343AB4131CC99F4F00962943 /* Frameworks */,
				343AB4141CC99F4F00962943 /* Headers */,
				343AB4151CC99F4F00962943 /* Resources */,
			);
			buildRules = (
			);
			dependencies = (
			);
			name = AmplitudeFramework;
			productName = AmplitudeFramework;
			productReference = 343AB4171CC99F4F00962943 /* Amplitude.framework */;
			productType = "com.apple.product-type.framework";
		};
		37802BD01E86AF65003E5A8B /* AmplitudeFrameworkTVOS */ = {
			isa = PBXNativeTarget;
			buildConfigurationList = 37802BF01E86AF65003E5A8B /* Build configuration list for PBXNativeTarget "AmplitudeFrameworkTVOS" */;
			buildPhases = (
				37802BD11E86AF65003E5A8B /* Sources */,
				37802BDE1E86AF65003E5A8B /* Frameworks */,
				37802BDF1E86AF65003E5A8B /* Headers */,
				37802BEF1E86AF65003E5A8B /* Resources */,
			);
			buildRules = (
			);
			dependencies = (
			);
			name = AmplitudeFrameworkTVOS;
			productName = AmplitudeFramework;
			productReference = 37802BF31E86AF65003E5A8B /* Amplitude.framework */;
			productType = "com.apple.product-type.framework";
		};
		600CBC5B1E2EF5B0001F58A9 /* AmplitudeTVOSTests */ = {
			isa = PBXNativeTarget;
			buildConfigurationList = 600CBC681E2EF5B0001F58A9 /* Build configuration list for PBXNativeTarget "AmplitudeTVOSTests" */;
			buildPhases = (
				E08C54F0D34492E850338FFD /* [CP] Check Pods Manifest.lock */,
				600CBC581E2EF5B0001F58A9 /* Sources */,
				600CBC591E2EF5B0001F58A9 /* Frameworks */,
				600CBC5A1E2EF5B0001F58A9 /* Resources */,
			);
			buildRules = (
			);
			dependencies = (
			);
			name = AmplitudeTVOSTests;
			productName = AmplitudeTVOSTestsTests;
			productReference = 600CBC5C1E2EF5B0001F58A9 /* AmplitudeTVOSTests.xctest */;
			productType = "com.apple.product-type.bundle.unit-test";
		};
		E98C05221A48E7FE00800C63 /* Amplitude */ = {
			isa = PBXNativeTarget;
			buildConfigurationList = E98C05341A48E7FE00800C63 /* Build configuration list for PBXNativeTarget "Amplitude" */;
			buildPhases = (
				E98C051F1A48E7FE00800C63 /* Sources */,
				E98C05201A48E7FE00800C63 /* Frameworks */,
				E98C05211A48E7FE00800C63 /* CopyFiles */,
			);
			buildRules = (
			);
			dependencies = (
			);
			name = Amplitude;
			productName = Amplitude;
			productReference = E98C05231A48E7FE00800C63 /* libAmplitude.a */;
			productType = "com.apple.product-type.library.static";
		};
		E98C052D1A48E7FE00800C63 /* AmplitudeTests */ = {
			isa = PBXNativeTarget;
			buildConfigurationList = E98C05371A48E7FE00800C63 /* Build configuration list for PBXNativeTarget "AmplitudeTests" */;
			buildPhases = (
				BB20E1C5C36627C8055C05E6 /* [CP] Check Pods Manifest.lock */,
				E98C052A1A48E7FE00800C63 /* Sources */,
				E98C052B1A48E7FE00800C63 /* Frameworks */,
				E98C052C1A48E7FE00800C63 /* Resources */,
			);
			buildRules = (
			);
			dependencies = (
			);
			name = AmplitudeTests;
			productName = AmplitudeTests;
			productReference = E98C052E1A48E7FE00800C63 /* AmplitudeTests.xctest */;
			productType = "com.apple.product-type.bundle.unit-test";
		};
/* End PBXNativeTarget section */

/* Begin PBXProject section */
		E98C051B1A48E7FE00800C63 /* Project object */ = {
			isa = PBXProject;
			attributes = {
				LastUpgradeCheck = 1010;
				ORGANIZATIONNAME = Amplitude;
				TargetAttributes = {
					343AB4161CC99F4F00962943 = {
						CreatedOnToolsVersion = 7.3;
					};
					600CBC5B1E2EF5B0001F58A9 = {
						CreatedOnToolsVersion = 8.2.1;
						ProvisioningStyle = Automatic;
					};
					E98C05221A48E7FE00800C63 = {
						CreatedOnToolsVersion = 6.0.1;
					};
					E98C052D1A48E7FE00800C63 = {
						CreatedOnToolsVersion = 6.0.1;
					};
				};
			};
			buildConfigurationList = E98C051E1A48E7FE00800C63 /* Build configuration list for PBXProject "Amplitude" */;
			compatibilityVersion = "Xcode 3.2";
			developmentRegion = English;
			hasScannedForEncodings = 0;
			knownRegions = (
				en,
			);
			mainGroup = E98C051A1A48E7FE00800C63;
			productRefGroup = E98C05241A48E7FE00800C63 /* Products */;
			projectDirPath = "";
			projectRoot = "";
			targets = (
				E98C05221A48E7FE00800C63 /* Amplitude */,
				E98C052D1A48E7FE00800C63 /* AmplitudeTests */,
				343AB4161CC99F4F00962943 /* AmplitudeFramework */,
				37802BD01E86AF65003E5A8B /* AmplitudeFrameworkTVOS */,
				600CBC5B1E2EF5B0001F58A9 /* AmplitudeTVOSTests */,
			);
		};
/* End PBXProject section */

/* Begin PBXResourcesBuildPhase section */
		343AB4151CC99F4F00962943 /* Resources */ = {
			isa = PBXResourcesBuildPhase;
			buildActionMask = 2147483647;
			files = (
			);
			runOnlyForDeploymentPostprocessing = 0;
		};
		37802BEF1E86AF65003E5A8B /* Resources */ = {
			isa = PBXResourcesBuildPhase;
			buildActionMask = 2147483647;
			files = (
			);
			runOnlyForDeploymentPostprocessing = 0;
		};
		600CBC5A1E2EF5B0001F58A9 /* Resources */ = {
			isa = PBXResourcesBuildPhase;
			buildActionMask = 2147483647;
			files = (
				600CBC751E2EF624001F58A9 /* ComodoRsaDomainValidationCA.der in Resources */,
				600CBC741E2EF621001F58A9 /* ComodoRsaCA.der in Resources */,
			);
			runOnlyForDeploymentPostprocessing = 0;
		};
		E98C052C1A48E7FE00800C63 /* Resources */ = {
			isa = PBXResourcesBuildPhase;
			buildActionMask = 2147483647;
			files = (
				9D76A3A51ABA5F890062E132 /* ComodoRsaDomainValidationCA.der in Resources */,
				9D76A3A61ABA5F890062E132 /* ComodoRsaCA.der in Resources */,
				9D40E1951AB3F6550095C7C6 /* InvalidCertificationAuthority.der in Resources */,
			);
			runOnlyForDeploymentPostprocessing = 0;
		};
/* End PBXResourcesBuildPhase section */

/* Begin PBXShellScriptBuildPhase section */
		BB20E1C5C36627C8055C05E6 /* [CP] Check Pods Manifest.lock */ = {
			isa = PBXShellScriptBuildPhase;
			buildActionMask = 2147483647;
			files = (
			);
			inputPaths = (
				"${PODS_PODFILE_DIR_PATH}/Podfile.lock",
				"${PODS_ROOT}/Manifest.lock",
			);
			name = "[CP] Check Pods Manifest.lock";
			outputPaths = (
				"$(DERIVED_FILE_DIR)/Pods-AmplitudeTests-checkManifestLockResult.txt",
			);
			runOnlyForDeploymentPostprocessing = 0;
			shellPath = /bin/sh;
			shellScript = "diff \"${PODS_PODFILE_DIR_PATH}/Podfile.lock\" \"${PODS_ROOT}/Manifest.lock\" > /dev/null\nif [ $? != 0 ] ; then\n    # print error to STDERR\n    echo \"error: The sandbox is not in sync with the Podfile.lock. Run 'pod install' or update your CocoaPods installation.\" >&2\n    exit 1\nfi\n# This output is used by Xcode 'outputs' to avoid re-running this script phase.\necho \"SUCCESS\" > \"${SCRIPT_OUTPUT_FILE_0}\"\n";
			showEnvVarsInLog = 0;
		};
		E08C54F0D34492E850338FFD /* [CP] Check Pods Manifest.lock */ = {
			isa = PBXShellScriptBuildPhase;
			buildActionMask = 2147483647;
			files = (
			);
			inputPaths = (
				"${PODS_PODFILE_DIR_PATH}/Podfile.lock",
				"${PODS_ROOT}/Manifest.lock",
			);
			name = "[CP] Check Pods Manifest.lock";
			outputPaths = (
				"$(DERIVED_FILE_DIR)/Pods-AmplitudeTVOSTests-checkManifestLockResult.txt",
			);
			runOnlyForDeploymentPostprocessing = 0;
			shellPath = /bin/sh;
			shellScript = "diff \"${PODS_PODFILE_DIR_PATH}/Podfile.lock\" \"${PODS_ROOT}/Manifest.lock\" > /dev/null\nif [ $? != 0 ] ; then\n    # print error to STDERR\n    echo \"error: The sandbox is not in sync with the Podfile.lock. Run 'pod install' or update your CocoaPods installation.\" >&2\n    exit 1\nfi\n# This output is used by Xcode 'outputs' to avoid re-running this script phase.\necho \"SUCCESS\" > \"${SCRIPT_OUTPUT_FILE_0}\"\n";
			showEnvVarsInLog = 0;
		};
/* End PBXShellScriptBuildPhase section */

/* Begin PBXSourcesBuildPhase section */
		343AB4121CC99F4F00962943 /* Sources */ = {
			isa = PBXSourcesBuildPhase;
			buildActionMask = 2147483647;
			files = (
				343AB4211CC99FBA00962943 /* AMPDeviceInfo.m in Sources */,
				343AB41F1CC99FB500962943 /* AMPConstants.m in Sources */,
				343AB4251CC99FC500962943 /* AMPRevenue.m in Sources */,
				343AB42A1CC99FDA00962943 /* ISPPinnedNSURLSessionDelegate.m in Sources */,
				343AB4231CC99FBF00962943 /* Amplitude.m in Sources */,
				343AB4281CC99FD500962943 /* ISPCertificatePinning.m in Sources */,
				343AB4221CC99FBD00962943 /* AMPIdentify.m in Sources */,
				343AB4241CC99FC200962943 /* AMPLocationManagerDelegate.m in Sources */,
				60AFE7351F6B70F300DF9A88 /* AMPURLSession.m in Sources */,
				343AB4271CC99FC900962943 /* AMPUtils.m in Sources */,
				343AB4261CC99FC700962943 /* AMPURLConnection.m in Sources */,
				343AB4201CC99FB800962943 /* AMPDatabaseHelper.m in Sources */,
				60FD305D210264FA00267B2A /* AMPTrackingOptions.m in Sources */,
				343AB4291CC99FD800962943 /* ISPPinnedNSURLConnectionDelegate.m in Sources */,
			);
			runOnlyForDeploymentPostprocessing = 0;
		};
		37802BD11E86AF65003E5A8B /* Sources */ = {
			isa = PBXSourcesBuildPhase;
			buildActionMask = 2147483647;
			files = (
				37802BD21E86AF65003E5A8B /* AMPDeviceInfo.m in Sources */,
				37802BD31E86AF65003E5A8B /* AMPConstants.m in Sources */,
				37802BD41E86AF65003E5A8B /* AMPRevenue.m in Sources */,
				37802BD51E86AF65003E5A8B /* ISPPinnedNSURLSessionDelegate.m in Sources */,
				37802BD61E86AF65003E5A8B /* Amplitude.m in Sources */,
				6561B3D322273BEB00763B04 /* AMPTrackingOptions.m in Sources */,
				37802BD71E86AF65003E5A8B /* ISPCertificatePinning.m in Sources */,
				37802BD81E86AF65003E5A8B /* AMPIdentify.m in Sources */,
				37802BD91E86AF65003E5A8B /* AMPLocationManagerDelegate.m in Sources */,
				37802BDA1E86AF65003E5A8B /* AMPUtils.m in Sources */,
				37802BDB1E86AF65003E5A8B /* AMPURLConnection.m in Sources */,
				37802BDC1E86AF65003E5A8B /* AMPDatabaseHelper.m in Sources */,
				37802BDD1E86AF65003E5A8B /* ISPPinnedNSURLConnectionDelegate.m in Sources */,
			);
			runOnlyForDeploymentPostprocessing = 0;
		};
		600CBC581E2EF5B0001F58A9 /* Sources */ = {
			isa = PBXSourcesBuildPhase;
			buildActionMask = 2147483647;
			files = (
				600CBC6D1E2EF60F001F58A9 /* AMPDeviceInfo.m in Sources */,
				600CBC721E2EF61C001F58A9 /* AMPURLConnection.m in Sources */,
				600CBC731E2EF61F001F58A9 /* AMPUtils.m in Sources */,
				600CBC7C1E2EF63F001F58A9 /* AmplitudeTests.m in Sources */,
				600CBC821E2EF654001F58A9 /* SessionTests.m in Sources */,
				60AFE7361F6B70F400DF9A88 /* AMPURLSession.m in Sources */,
				600CBC791E2EF637001F58A9 /* AMPDatabaseHelperTests.m in Sources */,
				600CBC761E2EF629001F58A9 /* ISPCertificatePinning.m in Sources */,
				600CBC7A1E2EF63A001F58A9 /* Amplitude+Test.m in Sources */,
				600CBC781E2EF62E001F58A9 /* ISPPinnedNSURLSessionDelegate.m in Sources */,
				600CBC6F1E2EF614001F58A9 /* Amplitude.m in Sources */,
				600CBC701E2EF617001F58A9 /* AMPLocationManagerDelegate.m in Sources */,
				600CBC7F1E2EF64C001F58A9 /* BaseTestCase.m in Sources */,
				60FD305E210264FA00267B2A /* AMPTrackingOptions.m in Sources */,
				600CBC771E2EF62C001F58A9 /* ISPPinnedNSURLConnectionDelegate.m in Sources */,
				600CBC6B1E2EF609001F58A9 /* AMPConstants.m in Sources */,
				600CBC831E2EF656001F58A9 /* SetupTests.m in Sources */,
				600CBC6E1E2EF611001F58A9 /* AMPIdentify.m in Sources */,
				600CBC6C1E2EF60C001F58A9 /* AMPDatabaseHelper.m in Sources */,
				600CBC811E2EF651001F58A9 /* RevenueTests.m in Sources */,
				600CBC801E2EF64E001F58A9 /* IdentifyTests.m in Sources */,
				600CBC7D1E2EF646001F58A9 /* AmplitudeTVOSTests.m in Sources */,
				600CBC711E2EF619001F58A9 /* AMPRevenue.m in Sources */,
			);
			runOnlyForDeploymentPostprocessing = 0;
		};
		E98C051F1A48E7FE00800C63 /* Sources */ = {
			isa = PBXSourcesBuildPhase;
			buildActionMask = 2147483647;
			files = (
				9D6E19541ACCDE1C00352C6C /* ISPPinnedNSURLConnectionDelegate.m in Sources */,
				60BA92771C2376680043178E /* AMPDatabaseHelper.m in Sources */,
				60BA92781C2376680043178E /* AMPIdentify.m in Sources */,
				60227C0B1CC5AB8A007C117B /* AMPRevenue.m in Sources */,
				9D40E17E1AB3BF7F0095C7C6 /* AMPURLConnection.m in Sources */,
				E96785EC1A48E93F00887CCD /* AMPDeviceInfo.m in Sources */,
				E96785EE1A48E93F00887CCD /* AMPLocationManagerDelegate.m in Sources */,
				60BA92791C2376680043178E /* AMPUtils.m in Sources */,
				60AFE7321F6B637100DF9A88 /* AMPURLSession.m in Sources */,
				9DC7085A1AD4B28300949778 /* AMPConstants.m in Sources */,
				9D6E19551ACCDE1C00352C6C /* ISPPinnedNSURLSessionDelegate.m in Sources */,
				E96785ED1A48E93F00887CCD /* Amplitude.m in Sources */,
				60FD305B210264FA00267B2A /* AMPTrackingOptions.m in Sources */,
				9D6E19531ACCDE1C00352C6C /* ISPCertificatePinning.m in Sources */,
			);
			runOnlyForDeploymentPostprocessing = 0;
		};
		E98C052A1A48E7FE00800C63 /* Sources */ = {
			isa = PBXSourcesBuildPhase;
			buildActionMask = 2147483647;
			files = (
				9D6E19561ACCDE9000352C6C /* ISPCertificatePinning.m in Sources */,
				60BA92801C23768E0043178E /* IdentifyTests.m in Sources */,
				9D6E19571ACCDE9000352C6C /* ISPPinnedNSURLConnectionDelegate.m in Sources */,
				9D6E19581ACCDE9000352C6C /* ISPPinnedNSURLSessionDelegate.m in Sources */,
				602A9A6B1B754E7B0067230C /* AmplitudeTests.m in Sources */,
				9DFBB9CC1AB0D47A0017F703 /* SessionTests.m in Sources */,
				60FD30612102760500267B2A /* TrackingOptionsTest.m in Sources */,
				E96786001A48FBD100887CCD /* AMPDeviceInfo.m in Sources */,
				60AFE7341F6B70F300DF9A88 /* AMPURLSession.m in Sources */,
				9DFBB9CA1AB0D26E0017F703 /* BaseTestCase.m in Sources */,
				60BA927C1C23767D0043178E /* AMPUtils.m in Sources */,
				601AF94B1E2EF2A1006CE4BA /* AmplitudeiOSTests.m in Sources */,
				9DC7085B1AD4B28300949778 /* AMPConstants.m in Sources */,
				60BA927B1C23767B0043178E /* AMPIdentify.m in Sources */,
				60227C0E1CC5BC07007C117B /* RevenueTests.m in Sources */,
				60227C0C1CC5AC2F007C117B /* AMPRevenue.m in Sources */,
				9D82D1D81AC1006600C3F321 /* SetupTests.m in Sources */,
				60BA927A1C2376770043178E /* AMPDatabaseHelper.m in Sources */,
				9D265EF41AB3FA2500399D93 /* SSLPinningTests.m in Sources */,
				60FD305C210264FA00267B2A /* AMPTrackingOptions.m in Sources */,
				E96786011A48FBD100887CCD /* Amplitude.m in Sources */,
				E93C8C551A59B3B9001339A5 /* AMPLocationManagerDelegateTests.m in Sources */,
				9D40E17F1AB3BF7F0095C7C6 /* AMPURLConnection.m in Sources */,
				E96786021A48FBD100887CCD /* AMPLocationManagerDelegate.m in Sources */,
				60BA927F1C23768E0043178E /* AMPDatabaseHelperTests.m in Sources */,
				9DFBB9C71AB0D1DD0017F703 /* Amplitude+Test.m in Sources */,
				9DDE2C031AE7069200B740EC /* DeviceInfoTests.m in Sources */,
			);
			runOnlyForDeploymentPostprocessing = 0;
		};
/* End PBXSourcesBuildPhase section */

/* Begin XCBuildConfiguration section */
		343AB41C1CC99F4F00962943 /* Debug */ = {
			isa = XCBuildConfiguration;
			buildSettings = {
				APPLICATION_EXTENSION_API_ONLY = YES;
				CLANG_ANALYZER_NONNULL = YES;
				CLANG_ENABLE_OBJC_ARC = YES;
				"CODE_SIGN_IDENTITY[sdk=iphoneos*]" = "";
				CURRENT_PROJECT_VERSION = 1;
				DEBUG_INFORMATION_FORMAT = dwarf;
				DEFINES_MODULE = YES;
				DYLIB_COMPATIBILITY_VERSION = 1;
				DYLIB_CURRENT_VERSION = 1;
				DYLIB_INSTALL_NAME_BASE = "@rpath";
				GCC_NO_COMMON_BLOCKS = YES;
				INFOPLIST_FILE = AmplitudeFramework/Info.plist;
				INSTALL_PATH = "$(LOCAL_LIBRARY_DIR)/Frameworks";
				IPHONEOS_DEPLOYMENT_TARGET = 8.0;
				LD_RUNPATH_SEARCH_PATHS = "$(inherited) @executable_path/Frameworks @loader_path/Frameworks";
				MODULEMAP_FILE = AmplitudeFramework/Amplitude.modulemap;
				PRODUCT_BUNDLE_IDENTIFIER = com.amplitude.AmplitudeFramework;
				PRODUCT_NAME = Amplitude;
				SKIP_INSTALL = YES;
				SWIFT_OPTIMIZATION_LEVEL = "-Onone";
				TARGETED_DEVICE_FAMILY = "1,2";
				VERSIONING_SYSTEM = "apple-generic";
				VERSION_INFO_PREFIX = "";
			};
			name = Debug;
		};
		343AB41D1CC99F4F00962943 /* Release */ = {
			isa = XCBuildConfiguration;
			buildSettings = {
				APPLICATION_EXTENSION_API_ONLY = YES;
				CLANG_ANALYZER_NONNULL = YES;
				CLANG_ENABLE_OBJC_ARC = YES;
				"CODE_SIGN_IDENTITY[sdk=iphoneos*]" = "";
				COPY_PHASE_STRIP = NO;
				CURRENT_PROJECT_VERSION = 1;
				DEBUG_INFORMATION_FORMAT = "dwarf-with-dsym";
				DEFINES_MODULE = YES;
				DYLIB_COMPATIBILITY_VERSION = 1;
				DYLIB_CURRENT_VERSION = 1;
				DYLIB_INSTALL_NAME_BASE = "@rpath";
				GCC_NO_COMMON_BLOCKS = YES;
				INFOPLIST_FILE = AmplitudeFramework/Info.plist;
				INSTALL_PATH = "$(LOCAL_LIBRARY_DIR)/Frameworks";
				IPHONEOS_DEPLOYMENT_TARGET = 8.0;
				LD_RUNPATH_SEARCH_PATHS = "$(inherited) @executable_path/Frameworks @loader_path/Frameworks";
				MODULEMAP_FILE = AmplitudeFramework/Amplitude.modulemap;
				PRODUCT_BUNDLE_IDENTIFIER = com.amplitude.AmplitudeFramework;
				PRODUCT_NAME = Amplitude;
				SKIP_INSTALL = YES;
				TARGETED_DEVICE_FAMILY = "1,2";
				VERSIONING_SYSTEM = "apple-generic";
				VERSION_INFO_PREFIX = "";
			};
			name = Release;
		};
		37802BF11E86AF65003E5A8B /* Debug */ = {
			isa = XCBuildConfiguration;
			buildSettings = {
				APPLICATION_EXTENSION_API_ONLY = YES;
				CLANG_ANALYZER_NONNULL = YES;
				CLANG_ENABLE_OBJC_ARC = YES;
				CODE_SIGN_IDENTITY = "";
				"CODE_SIGN_IDENTITY[sdk=iphoneos*]" = "iPhone Developer";
				CURRENT_PROJECT_VERSION = 1;
				DEBUG_INFORMATION_FORMAT = dwarf;
				DEFINES_MODULE = YES;
				DYLIB_COMPATIBILITY_VERSION = 1;
				DYLIB_CURRENT_VERSION = 1;
				DYLIB_INSTALL_NAME_BASE = "@rpath";
				GCC_NO_COMMON_BLOCKS = YES;
				INFOPLIST_FILE = AmplitudeFramework/Info.plist;
				INSTALL_PATH = "$(LOCAL_LIBRARY_DIR)/Frameworks";
				IPHONEOS_DEPLOYMENT_TARGET = 8.0;
				LD_RUNPATH_SEARCH_PATHS = "$(inherited) @executable_path/Frameworks @loader_path/Frameworks";
				MODULEMAP_FILE = AmplitudeFramework/Amplitude.modulemap;
				PRODUCT_BUNDLE_IDENTIFIER = com.amplitude.AmplitudeFramework;
				PRODUCT_NAME = Amplitude;
				SDKROOT = appletvos;
				SKIP_INSTALL = YES;
				SWIFT_OPTIMIZATION_LEVEL = "-Onone";
				TARGETED_DEVICE_FAMILY = 3;
				TVOS_DEPLOYMENT_TARGET = 9.0;
				VERSIONING_SYSTEM = "apple-generic";
				VERSION_INFO_PREFIX = "";
			};
			name = Debug;
		};
		37802BF21E86AF65003E5A8B /* Release */ = {
			isa = XCBuildConfiguration;
			buildSettings = {
				APPLICATION_EXTENSION_API_ONLY = YES;
				CLANG_ANALYZER_NONNULL = YES;
				CLANG_ENABLE_OBJC_ARC = YES;
				CODE_SIGN_IDENTITY = "";
				"CODE_SIGN_IDENTITY[sdk=iphoneos*]" = "iPhone Developer";
				COPY_PHASE_STRIP = NO;
				CURRENT_PROJECT_VERSION = 1;
				DEBUG_INFORMATION_FORMAT = "dwarf-with-dsym";
				DEFINES_MODULE = YES;
				DYLIB_COMPATIBILITY_VERSION = 1;
				DYLIB_CURRENT_VERSION = 1;
				DYLIB_INSTALL_NAME_BASE = "@rpath";
				GCC_NO_COMMON_BLOCKS = YES;
				INFOPLIST_FILE = AmplitudeFramework/Info.plist;
				INSTALL_PATH = "$(LOCAL_LIBRARY_DIR)/Frameworks";
				IPHONEOS_DEPLOYMENT_TARGET = 8.0;
				LD_RUNPATH_SEARCH_PATHS = "$(inherited) @executable_path/Frameworks @loader_path/Frameworks";
				MODULEMAP_FILE = AmplitudeFramework/Amplitude.modulemap;
				PRODUCT_BUNDLE_IDENTIFIER = com.amplitude.AmplitudeFramework;
				PRODUCT_NAME = Amplitude;
				SDKROOT = appletvos;
				SKIP_INSTALL = YES;
				TARGETED_DEVICE_FAMILY = 3;
				TVOS_DEPLOYMENT_TARGET = 9.0;
				VERSIONING_SYSTEM = "apple-generic";
				VERSION_INFO_PREFIX = "";
			};
			name = Release;
		};
		600CBC691E2EF5B0001F58A9 /* Debug */ = {
			isa = XCBuildConfiguration;
			baseConfigurationReference = A553A7142982FCF36CA7B0D3 /* Pods-AmplitudeTVOSTests.debug.xcconfig */;
			buildSettings = {
				CLANG_ANALYZER_NONNULL = YES;
				CLANG_ENABLE_OBJC_ARC = YES;
				CLANG_WARN_DOCUMENTATION_COMMENTS = YES;
				CLANG_WARN_INFINITE_RECURSION = YES;
				CLANG_WARN_SUSPICIOUS_MOVE = YES;
				DEBUG_INFORMATION_FORMAT = dwarf;
				GCC_NO_COMMON_BLOCKS = YES;
				INFOPLIST_FILE = AmplitudeTVOS/Info.plist;
				IPHONEOS_DEPLOYMENT_TARGET = 8.0;
				LD_RUNPATH_SEARCH_PATHS = "$(inherited) @executable_path/Frameworks @loader_path/Frameworks";
				PRODUCT_BUNDLE_IDENTIFIER = com.amplitude.AmplitudeTVOSTestsTests;
				PRODUCT_NAME = "$(TARGET_NAME)";
				SDKROOT = appletvos;
				TVOS_DEPLOYMENT_TARGET = 10.1;
			};
			name = Debug;
		};
		600CBC6A1E2EF5B0001F58A9 /* Release */ = {
			isa = XCBuildConfiguration;
			baseConfigurationReference = 9723D871F0FD1F111C200175 /* Pods-AmplitudeTVOSTests.release.xcconfig */;
			buildSettings = {
				CLANG_ANALYZER_NONNULL = YES;
				CLANG_ENABLE_OBJC_ARC = YES;
				CLANG_WARN_DOCUMENTATION_COMMENTS = YES;
				CLANG_WARN_INFINITE_RECURSION = YES;
				CLANG_WARN_SUSPICIOUS_MOVE = YES;
				COPY_PHASE_STRIP = NO;
				DEBUG_INFORMATION_FORMAT = "dwarf-with-dsym";
				GCC_NO_COMMON_BLOCKS = YES;
				INFOPLIST_FILE = AmplitudeTVOS/Info.plist;
				IPHONEOS_DEPLOYMENT_TARGET = 8.0;
				LD_RUNPATH_SEARCH_PATHS = "$(inherited) @executable_path/Frameworks @loader_path/Frameworks";
				PRODUCT_BUNDLE_IDENTIFIER = com.amplitude.AmplitudeTVOSTestsTests;
				PRODUCT_NAME = "$(TARGET_NAME)";
				SDKROOT = appletvos;
				TVOS_DEPLOYMENT_TARGET = 10.1;
			};
			name = Release;
		};
		E98C05321A48E7FE00800C63 /* Debug */ = {
			isa = XCBuildConfiguration;
			buildSettings = {
				ALWAYS_SEARCH_USER_PATHS = NO;
				APPLICATION_EXTENSION_API_ONLY = NO;
				CLANG_CXX_LANGUAGE_STANDARD = "gnu++0x";
				CLANG_CXX_LIBRARY = "libc++";
				CLANG_ENABLE_MODULES = YES;
				CLANG_ENABLE_OBJC_ARC = NO;
				CLANG_ENABLE_OBJC_WEAK = YES;
				CLANG_WARN_BLOCK_CAPTURE_AUTORELEASING = YES;
				CLANG_WARN_BOOL_CONVERSION = YES;
				CLANG_WARN_COMMA = YES;
				CLANG_WARN_CONSTANT_CONVERSION = YES;
				CLANG_WARN_DEPRECATED_OBJC_IMPLEMENTATIONS = YES;
				CLANG_WARN_DIRECT_OBJC_ISA_USAGE = YES_ERROR;
				CLANG_WARN_EMPTY_BODY = YES;
				CLANG_WARN_ENUM_CONVERSION = YES;
				CLANG_WARN_INFINITE_RECURSION = YES;
				CLANG_WARN_INT_CONVERSION = YES;
				CLANG_WARN_NON_LITERAL_NULL_CONVERSION = YES;
				CLANG_WARN_OBJC_IMPLICIT_RETAIN_SELF = YES;
				CLANG_WARN_OBJC_LITERAL_CONVERSION = YES;
				CLANG_WARN_OBJC_ROOT_CLASS = YES_ERROR;
				CLANG_WARN_RANGE_LOOP_ANALYSIS = YES;
				CLANG_WARN_STRICT_PROTOTYPES = YES;
				CLANG_WARN_SUSPICIOUS_MOVE = YES;
				CLANG_WARN_UNREACHABLE_CODE = YES;
				CLANG_WARN__DUPLICATE_METHOD_MATCH = YES;
				COPY_PHASE_STRIP = NO;
				ENABLE_STRICT_OBJC_MSGSEND = YES;
				ENABLE_TESTABILITY = YES;
				FRAMEWORK_SEARCH_PATHS = "$(inherited)";
				GCC_C_LANGUAGE_STANDARD = gnu99;
				GCC_DYNAMIC_NO_PIC = NO;
				GCC_NO_COMMON_BLOCKS = YES;
				GCC_OPTIMIZATION_LEVEL = 0;
				GCC_PREPROCESSOR_DEFINITIONS = (
					"DEBUG=1",
					"$(inherited)",
				);
				GCC_SYMBOLS_PRIVATE_EXTERN = NO;
				GCC_WARN_64_TO_32_BIT_CONVERSION = YES;
				GCC_WARN_ABOUT_MISSING_NEWLINE = YES;
				GCC_WARN_ABOUT_RETURN_TYPE = YES_ERROR;
				GCC_WARN_UNDECLARED_SELECTOR = YES;
				GCC_WARN_UNINITIALIZED_AUTOS = YES_AGGRESSIVE;
				GCC_WARN_UNUSED_FUNCTION = YES;
				GCC_WARN_UNUSED_VARIABLE = YES;
				IPHONEOS_DEPLOYMENT_TARGET = 8.0;
				MTL_ENABLE_DEBUG_INFO = YES;
				ONLY_ACTIVE_ARCH = YES;
				OTHER_LDFLAGS = "-lsqlite3.0";
				SDKROOT = iphoneos;
			};
			name = Debug;
		};
		E98C05331A48E7FE00800C63 /* Release */ = {
			isa = XCBuildConfiguration;
			buildSettings = {
				ALWAYS_SEARCH_USER_PATHS = NO;
				APPLICATION_EXTENSION_API_ONLY = NO;
				CLANG_CXX_LANGUAGE_STANDARD = "gnu++0x";
				CLANG_CXX_LIBRARY = "libc++";
				CLANG_ENABLE_MODULES = YES;
				CLANG_ENABLE_OBJC_ARC = NO;
				CLANG_ENABLE_OBJC_WEAK = YES;
				CLANG_WARN_BLOCK_CAPTURE_AUTORELEASING = YES;
				CLANG_WARN_BOOL_CONVERSION = YES;
				CLANG_WARN_COMMA = YES;
				CLANG_WARN_CONSTANT_CONVERSION = YES;
				CLANG_WARN_DEPRECATED_OBJC_IMPLEMENTATIONS = YES;
				CLANG_WARN_DIRECT_OBJC_ISA_USAGE = YES_ERROR;
				CLANG_WARN_EMPTY_BODY = YES;
				CLANG_WARN_ENUM_CONVERSION = YES;
				CLANG_WARN_INFINITE_RECURSION = YES;
				CLANG_WARN_INT_CONVERSION = YES;
				CLANG_WARN_NON_LITERAL_NULL_CONVERSION = YES;
				CLANG_WARN_OBJC_IMPLICIT_RETAIN_SELF = YES;
				CLANG_WARN_OBJC_LITERAL_CONVERSION = YES;
				CLANG_WARN_OBJC_ROOT_CLASS = YES_ERROR;
				CLANG_WARN_RANGE_LOOP_ANALYSIS = YES;
				CLANG_WARN_STRICT_PROTOTYPES = YES;
				CLANG_WARN_SUSPICIOUS_MOVE = YES;
				CLANG_WARN_UNREACHABLE_CODE = YES;
				CLANG_WARN__DUPLICATE_METHOD_MATCH = YES;
				COPY_PHASE_STRIP = YES;
				ENABLE_NS_ASSERTIONS = NO;
				ENABLE_STRICT_OBJC_MSGSEND = YES;
				FRAMEWORK_SEARCH_PATHS = "$(inherited)";
				GCC_C_LANGUAGE_STANDARD = gnu99;
				GCC_NO_COMMON_BLOCKS = YES;
				GCC_WARN_64_TO_32_BIT_CONVERSION = YES;
				GCC_WARN_ABOUT_MISSING_NEWLINE = YES;
				GCC_WARN_ABOUT_RETURN_TYPE = YES_ERROR;
				GCC_WARN_UNDECLARED_SELECTOR = YES;
				GCC_WARN_UNINITIALIZED_AUTOS = YES_AGGRESSIVE;
				GCC_WARN_UNUSED_FUNCTION = YES;
				GCC_WARN_UNUSED_VARIABLE = YES;
				IPHONEOS_DEPLOYMENT_TARGET = 8.0;
				MTL_ENABLE_DEBUG_INFO = NO;
				OTHER_LDFLAGS = "-lsqlite3.0";
				SDKROOT = iphoneos;
				VALIDATE_PRODUCT = YES;
			};
			name = Release;
		};
		E98C05351A48E7FE00800C63 /* Debug */ = {
			isa = XCBuildConfiguration;
			buildSettings = {
				APPLICATION_EXTENSION_API_ONLY = YES;
				CLANG_ENABLE_OBJC_ARC = NO;
				FRAMEWORK_SEARCH_PATHS = "$(inherited)";
				GCC_WARN_ABOUT_MISSING_NEWLINE = YES;
				OTHER_LDFLAGS = "-ObjC";
				PRODUCT_NAME = "$(TARGET_NAME)";
				SKIP_INSTALL = YES;
			};
			name = Debug;
		};
		E98C05361A48E7FE00800C63 /* Release */ = {
			isa = XCBuildConfiguration;
			buildSettings = {
				APPLICATION_EXTENSION_API_ONLY = YES;
				CLANG_ENABLE_OBJC_ARC = NO;
				FRAMEWORK_SEARCH_PATHS = "$(inherited)";
				GCC_WARN_ABOUT_MISSING_NEWLINE = YES;
				OTHER_LDFLAGS = "-ObjC";
				PRODUCT_NAME = "$(TARGET_NAME)";
				SKIP_INSTALL = YES;
			};
			name = Release;
		};
		E98C05381A48E7FE00800C63 /* Debug */ = {
			isa = XCBuildConfiguration;
			baseConfigurationReference = BBEDD10CA8A6B9F1D5F260BB /* Pods-AmplitudeTests.debug.xcconfig */;
			buildSettings = {
				CLANG_ENABLE_OBJC_ARC = NO;
				DEBUG_INFORMATION_FORMAT = dwarf;
				FRAMEWORK_SEARCH_PATHS = "$(inherited)";
				GCC_PREPROCESSOR_DEFINITIONS = (
					"DEBUG=1",
					"$(inherited)",
					"AMPLITUDE_SSL_PINNING=1",
				);
				INFOPLIST_FILE = AmplitudeTests/Info.plist;
				IPHONEOS_DEPLOYMENT_TARGET = 8.0;
				LD_RUNPATH_SEARCH_PATHS = "$(inherited) @executable_path/Frameworks @loader_path/Frameworks";
				PRODUCT_NAME = "$(TARGET_NAME)";
			};
			name = Debug;
		};
		E98C05391A48E7FE00800C63 /* Release */ = {
			isa = XCBuildConfiguration;
			baseConfigurationReference = 59E837BC70064214FD8C88C1 /* Pods-AmplitudeTests.release.xcconfig */;
			buildSettings = {
				CLANG_ENABLE_OBJC_ARC = NO;
				DEBUG_INFORMATION_FORMAT = dwarf;
				FRAMEWORK_SEARCH_PATHS = "$(inherited)";
				GCC_PREPROCESSOR_DEFINITIONS = (
					"$(inherited)",
					"COCOAPODS=1",
					"AMPLITUDE_SSL_PINNING=1",
				);
				INFOPLIST_FILE = AmplitudeTests/Info.plist;
				IPHONEOS_DEPLOYMENT_TARGET = 8.0;
				LD_RUNPATH_SEARCH_PATHS = "$(inherited) @executable_path/Frameworks @loader_path/Frameworks";
				PRODUCT_NAME = "$(TARGET_NAME)";
			};
			name = Release;
		};
/* End XCBuildConfiguration section */

/* Begin XCConfigurationList section */
		343AB41E1CC99F4F00962943 /* Build configuration list for PBXNativeTarget "AmplitudeFramework" */ = {
			isa = XCConfigurationList;
			buildConfigurations = (
				343AB41C1CC99F4F00962943 /* Debug */,
				343AB41D1CC99F4F00962943 /* Release */,
			);
			defaultConfigurationIsVisible = 0;
			defaultConfigurationName = Release;
		};
		37802BF01E86AF65003E5A8B /* Build configuration list for PBXNativeTarget "AmplitudeFrameworkTVOS" */ = {
			isa = XCConfigurationList;
			buildConfigurations = (
				37802BF11E86AF65003E5A8B /* Debug */,
				37802BF21E86AF65003E5A8B /* Release */,
			);
			defaultConfigurationIsVisible = 0;
			defaultConfigurationName = Release;
		};
		600CBC681E2EF5B0001F58A9 /* Build configuration list for PBXNativeTarget "AmplitudeTVOSTests" */ = {
			isa = XCConfigurationList;
			buildConfigurations = (
				600CBC691E2EF5B0001F58A9 /* Debug */,
				600CBC6A1E2EF5B0001F58A9 /* Release */,
			);
			defaultConfigurationIsVisible = 0;
			defaultConfigurationName = Release;
		};
		E98C051E1A48E7FE00800C63 /* Build configuration list for PBXProject "Amplitude" */ = {
			isa = XCConfigurationList;
			buildConfigurations = (
				E98C05321A48E7FE00800C63 /* Debug */,
				E98C05331A48E7FE00800C63 /* Release */,
			);
			defaultConfigurationIsVisible = 0;
			defaultConfigurationName = Release;
		};
		E98C05341A48E7FE00800C63 /* Build configuration list for PBXNativeTarget "Amplitude" */ = {
			isa = XCConfigurationList;
			buildConfigurations = (
				E98C05351A48E7FE00800C63 /* Debug */,
				E98C05361A48E7FE00800C63 /* Release */,
			);
			defaultConfigurationIsVisible = 0;
			defaultConfigurationName = Release;
		};
		E98C05371A48E7FE00800C63 /* Build configuration list for PBXNativeTarget "AmplitudeTests" */ = {
			isa = XCConfigurationList;
			buildConfigurations = (
				E98C05381A48E7FE00800C63 /* Debug */,
				E98C05391A48E7FE00800C63 /* Release */,
			);
			defaultConfigurationIsVisible = 0;
			defaultConfigurationName = Release;
		};
/* End XCConfigurationList section */
	};
	rootObject = E98C051B1A48E7FE00800C63 /* Project object */;
}
